PODS:
  - Alamofire (4.8.0)
  - AlamofireImage (3.5.0):
    - Alamofire (~> 4.8)
  - CCBottomRefreshControl (0.5.2)
  - Cosmos (18.0.1)
  - ESPullToRefresh (2.7)
  - GoogleMaps (2.7.0):
    - GoogleMaps/Maps (= 2.7.0)
  - GoogleMaps/Base (2.7.0)
  - GoogleMaps/Maps (2.7.0):
    - GoogleMaps/Base
  - GooglePlaces (2.7.0):
    - GoogleMaps/Base (= 2.7.0)
  - IQKeyboardManagerSwift (6.2.0)
  - ObjectMapper (3.4.2)
  - PinterestLayout (1.0.3)
  - Socket.IO-Client-Swift (13.4.0):
    - Starscream (~> 3.0.2)
  - Starscream (3.0.6)
  - SwiftyJSON (4.2.0)
  - TinyConstraints (3.3.1)

DEPENDENCIES:
  - Alamofire
  - AlamofireImage
  - CCBottomRefreshControl
  - Cosmos
  - ESPullToRefresh
  - GoogleMaps
  - GooglePlaces
  - IQKeyboardManagerSwift
  - ObjectMapper
  - PinterestLayout
  - Socket.IO-Client-Swift
  - SwiftyJSON
  - TinyConstraints

SPEC REPOS:
  https://github.com/cocoapods/specs.git:
    - Alamofire
    - AlamofireImage
    - CCBottomRefreshControl
    - Cosmos
    - ESPullToRefresh
    - GoogleMaps
    - GooglePlaces
    - IQKeyboardManagerSwift
    - ObjectMapper
    - PinterestLayout
    - Socket.IO-Client-Swift
    - Starscream
    - SwiftyJSON
    - TinyConstraints

SPEC CHECKSUMS:
  Alamofire: 3ec537f71edc9804815215393ae2b1a8ea33a844
  AlamofireImage: 1aea346f4dda2f6c67622fa5a89fcbb80d79cc16
  CCBottomRefreshControl: 389780b4488321c91d18f66a6da5ef9606df6de5
  Cosmos: 7dfaa3f52584ca5f94ab74b5c2e264019cc9f7f5
  ESPullToRefresh: 119e2710b82b75536aab2bbe4883ba119fca35c8
  GoogleMaps: f79af95cb24d869457b1f961c93d3ce8b2f3b848
  GooglePlaces: 3d06e6c99654545b4738ce49648745779c25f2ef
  IQKeyboardManagerSwift: b07ccf9d8cafe993dcd6cb794eb4ba34611a0c4e
  ObjectMapper: 0d4402610f4e468903ae64629eec4784531e5c51
  PinterestLayout: f1c7ec0254ffa842d69f1b43e4436c8ded4359b9
  Socket.IO-Client-Swift: 2b2720f14c92ff1237ced09bc2f2da2022624fee
  Starscream: ef3ece99d765eeccb67de105bfa143f929026cf5
  SwiftyJSON: c4bcba26dd9ec7a027fc8eade48e2c911f229e96
  TinyConstraints: dbf7519aefc01ea59d62244300c7718aec68e280

PODFILE CHECKSUM: 36bdcc4e6775a047185689ce5ab01b63fce32152

COCOAPODS: 1.5.2
