// !$*UTF8*$!
{
	archiveVersion = 1;
	classes = {
	};
	objectVersion = 50;
	objects = {

/* Begin PBXBuildFile section */
		230E2DD22226431D00246392 /* LogInAndLogOut.storyboard in Resources */ = {isa = PBXBuildFile; fileRef = 230E2DD12226431D00246392 /* LogInAndLogOut.storyboard */; };
		230E2DD822265A4700246392 /* User.swift in Sources */ = {isa = PBXBuildFile; fileRef = 230E2DD722265A4700246392 /* User.swift */; };
		230E2DDA2226650700246392 /* Comment.swift in Sources */ = {isa = PBXBuildFile; fileRef = 230E2DD92226650700246392 /* Comment.swift */; };
		230E2DDC222666F300246392 /* City.swift in Sources */ = {isa = PBXBuildFile; fileRef = 230E2DDB222666F300246392 /* City.swift */; };
		230E2DDE2226674200246392 /* Area.swift in Sources */ = {isa = PBXBuildFile; fileRef = 230E2DDD2226674200246392 /* Area.swift */; };
		230E2DE0222667EE00246392 /* Location.swift in Sources */ = {isa = PBXBuildFile; fileRef = 230E2DDF222667EE00246392 /* Location.swift */; };
		230E2DE2222668C000246392 /* Item.swift in Sources */ = {isa = PBXBuildFile; fileRef = 230E2DE1222668C000246392 /* Item.swift */; };
		230E2DE4222669F000246392 /* Document.swift in Sources */ = {isa = PBXBuildFile; fileRef = 230E2DE3222669F000246392 /* Document.swift */; };
		230E2DE622266AEF00246392 /* ShopItem.swift in Sources */ = {isa = PBXBuildFile; fileRef = 230E2DE522266AEF00246392 /* ShopItem.swift */; };
		230E2DE822266BFE00246392 /* Shop.swift in Sources */ = {isa = PBXBuildFile; fileRef = 230E2DE722266BFE00246392 /* Shop.swift */; };
		230E2DEA22266DDE00246392 /* Favorites.swift in Sources */ = {isa = PBXBuildFile; fileRef = 230E2DE922266DDE00246392 /* Favorites.swift */; };
		230E2DED22267DCA00246392 /* CollectionItemCell.swift in Sources */ = {isa = PBXBuildFile; fileRef = 230E2DEB22267DCA00246392 /* CollectionItemCell.swift */; };
		23351DC4222539BF003944E2 /* ExtensionButton.swift in Sources */ = {isa = PBXBuildFile; fileRef = 23351DC3222539BF003944E2 /* ExtensionButton.swift */; };
		235A32B02224E9F200DE5B0E /* SignupController.swift in Sources */ = {isa = PBXBuildFile; fileRef = 235A32AF2224E9F200DE5B0E /* SignupController.swift */; };
		235A32B22224EA0C00DE5B0E /* HightRatingController.swift in Sources */ = {isa = PBXBuildFile; fileRef = 235A32B12224EA0C00DE5B0E /* HightRatingController.swift */; };
		235A32B52224EAB400DE5B0E /* ExtensionTextField.swift in Sources */ = {isa = PBXBuildFile; fileRef = 235A32B42224EAB400DE5B0E /* ExtensionTextField.swift */; };
		235A32B72224EB6400DE5B0E /* ExtensionStackView.swift in Sources */ = {isa = PBXBuildFile; fileRef = 235A32B62224EB6400DE5B0E /* ExtensionStackView.swift */; };
		235A32B92224EC1100DE5B0E /* ExtensionUIColor.swift in Sources */ = {isa = PBXBuildFile; fileRef = 235A32B82224EC1100DE5B0E /* ExtensionUIColor.swift */; };
		235A32BB2224EDE400DE5B0E /* UIImageLibrary.swift in Sources */ = {isa = PBXBuildFile; fileRef = 235A32BA2224EDE400DE5B0E /* UIImageLibrary.swift */; };
		235A32BD2224F51500DE5B0E /* AccountController.swift in Sources */ = {isa = PBXBuildFile; fileRef = 235A32BC2224F51500DE5B0E /* AccountController.swift */; };
		235A32BF2225301E00DE5B0E /* ChangePasswordController.swift in Sources */ = {isa = PBXBuildFile; fileRef = 235A32BE2225301E00DE5B0E /* ChangePasswordController.swift */; };
		23695E9222277DC600AD7076 /* ExtensionUICollectionView.swift in Sources */ = {isa = PBXBuildFile; fileRef = 23695E9122277DC600AD7076 /* ExtensionUICollectionView.swift */; };
		23695E9422277F7200AD7076 /* ExtensionUIView.swift in Sources */ = {isa = PBXBuildFile; fileRef = 23695E9322277F7200AD7076 /* ExtensionUIView.swift */; };
		23695E9822278F3B00AD7076 /* ViewItemController.swift in Sources */ = {isa = PBXBuildFile; fileRef = 23695E9722278F3B00AD7076 /* ViewItemController.swift */; };
		23695E9C2227B7F500AD7076 /* GeneralItemCell.swift in Sources */ = {isa = PBXBuildFile; fileRef = 23695E9B2227B7F500AD7076 /* GeneralItemCell.swift */; };
		23695E9E2227DD0B00AD7076 /* CommentTableCell.swift in Sources */ = {isa = PBXBuildFile; fileRef = 23695E9D2227DD0B00AD7076 /* CommentTableCell.swift */; };
<<<<<<< HEAD
		238792EB222CE2AB005E4E3E /* ExtensionUILabel.swift in Sources */ = {isa = PBXBuildFile; fileRef = 238792EA222CE2AB005E4E3E /* ExtensionUILabel.swift */; };
		238792EE222D041B005E4E3E /* AddNewCommentCell.swift in Sources */ = {isa = PBXBuildFile; fileRef = 238792EC222D041B005E4E3E /* AddNewCommentCell.swift */; };
		238792EF222D041B005E4E3E /* AddNewCommentCell.xib in Resources */ = {isa = PBXBuildFile; fileRef = 238792ED222D041B005E4E3E /* AddNewCommentCell.xib */; };
=======
>>>>>>> parent of 1a5d5b7... custom Viewitem
		23D02E612223799300882742 /* AppDelegate.swift in Sources */ = {isa = PBXBuildFile; fileRef = 23D02E602223799300882742 /* AppDelegate.swift */; };
		23D02E632223799300882742 /* LoginController.swift in Sources */ = {isa = PBXBuildFile; fileRef = 23D02E622223799300882742 /* LoginController.swift */; };
		23D02E662223799300882742 /* Main.storyboard in Resources */ = {isa = PBXBuildFile; fileRef = 23D02E642223799300882742 /* Main.storyboard */; };
		23D02E682223799400882742 /* Assets.xcassets in Resources */ = {isa = PBXBuildFile; fileRef = 23D02E672223799400882742 /* Assets.xcassets */; };
		23D02E6B2223799400882742 /* LaunchScreen.storyboard in Resources */ = {isa = PBXBuildFile; fileRef = 23D02E692223799400882742 /* LaunchScreen.storyboard */; };
		C1E9E7CB534923D4BFC15F1F /* Pods_notritionVendorsAPP.framework in Frameworks */ = {isa = PBXBuildFile; fileRef = C5B772CE597B45A98D426415 /* Pods_notritionVendorsAPP.framework */; };
/* End PBXBuildFile section */

/* Begin PBXFileReference section */
		230E2DD12226431D00246392 /* LogInAndLogOut.storyboard */ = {isa = PBXFileReference; lastKnownFileType = file.storyboard; path = LogInAndLogOut.storyboard; sourceTree = "<group>"; };
		230E2DD722265A4700246392 /* User.swift */ = {isa = PBXFileReference; lastKnownFileType = sourcecode.swift; path = User.swift; sourceTree = "<group>"; };
		230E2DD92226650700246392 /* Comment.swift */ = {isa = PBXFileReference; lastKnownFileType = sourcecode.swift; path = Comment.swift; sourceTree = "<group>"; };
		230E2DDB222666F300246392 /* City.swift */ = {isa = PBXFileReference; lastKnownFileType = sourcecode.swift; path = City.swift; sourceTree = "<group>"; };
		230E2DDD2226674200246392 /* Area.swift */ = {isa = PBXFileReference; lastKnownFileType = sourcecode.swift; path = Area.swift; sourceTree = "<group>"; };
		230E2DDF222667EE00246392 /* Location.swift */ = {isa = PBXFileReference; lastKnownFileType = sourcecode.swift; path = Location.swift; sourceTree = "<group>"; };
		230E2DE1222668C000246392 /* Item.swift */ = {isa = PBXFileReference; lastKnownFileType = sourcecode.swift; path = Item.swift; sourceTree = "<group>"; };
		230E2DE3222669F000246392 /* Document.swift */ = {isa = PBXFileReference; lastKnownFileType = sourcecode.swift; path = Document.swift; sourceTree = "<group>"; };
		230E2DE522266AEF00246392 /* ShopItem.swift */ = {isa = PBXFileReference; lastKnownFileType = sourcecode.swift; path = ShopItem.swift; sourceTree = "<group>"; };
		230E2DE722266BFE00246392 /* Shop.swift */ = {isa = PBXFileReference; lastKnownFileType = sourcecode.swift; path = Shop.swift; sourceTree = "<group>"; };
		230E2DE922266DDE00246392 /* Favorites.swift */ = {isa = PBXFileReference; lastKnownFileType = sourcecode.swift; path = Favorites.swift; sourceTree = "<group>"; };
		230E2DEB22267DCA00246392 /* CollectionItemCell.swift */ = {isa = PBXFileReference; lastKnownFileType = sourcecode.swift; path = CollectionItemCell.swift; sourceTree = "<group>"; };
		23351DC3222539BF003944E2 /* ExtensionButton.swift */ = {isa = PBXFileReference; lastKnownFileType = sourcecode.swift; path = ExtensionButton.swift; sourceTree = "<group>"; };
		235A32AF2224E9F200DE5B0E /* SignupController.swift */ = {isa = PBXFileReference; lastKnownFileType = sourcecode.swift; path = SignupController.swift; sourceTree = "<group>"; };
		235A32B12224EA0C00DE5B0E /* HightRatingController.swift */ = {isa = PBXFileReference; lastKnownFileType = sourcecode.swift; path = HightRatingController.swift; sourceTree = "<group>"; };
		235A32B42224EAB400DE5B0E /* ExtensionTextField.swift */ = {isa = PBXFileReference; lastKnownFileType = sourcecode.swift; path = ExtensionTextField.swift; sourceTree = "<group>"; };
		235A32B62224EB6400DE5B0E /* ExtensionStackView.swift */ = {isa = PBXFileReference; lastKnownFileType = sourcecode.swift; path = ExtensionStackView.swift; sourceTree = "<group>"; };
		235A32B82224EC1100DE5B0E /* ExtensionUIColor.swift */ = {isa = PBXFileReference; lastKnownFileType = sourcecode.swift; path = ExtensionUIColor.swift; sourceTree = "<group>"; };
		235A32BA2224EDE400DE5B0E /* UIImageLibrary.swift */ = {isa = PBXFileReference; lastKnownFileType = sourcecode.swift; path = UIImageLibrary.swift; sourceTree = "<group>"; };
		235A32BC2224F51500DE5B0E /* AccountController.swift */ = {isa = PBXFileReference; lastKnownFileType = sourcecode.swift; path = AccountController.swift; sourceTree = "<group>"; };
		235A32BE2225301E00DE5B0E /* ChangePasswordController.swift */ = {isa = PBXFileReference; lastKnownFileType = sourcecode.swift; path = ChangePasswordController.swift; sourceTree = "<group>"; };
		23695E9122277DC600AD7076 /* ExtensionUICollectionView.swift */ = {isa = PBXFileReference; lastKnownFileType = sourcecode.swift; path = ExtensionUICollectionView.swift; sourceTree = "<group>"; };
		23695E9322277F7200AD7076 /* ExtensionUIView.swift */ = {isa = PBXFileReference; lastKnownFileType = sourcecode.swift; path = ExtensionUIView.swift; sourceTree = "<group>"; };
		23695E9722278F3B00AD7076 /* ViewItemController.swift */ = {isa = PBXFileReference; lastKnownFileType = sourcecode.swift; path = ViewItemController.swift; sourceTree = "<group>"; };
		23695E9B2227B7F500AD7076 /* GeneralItemCell.swift */ = {isa = PBXFileReference; lastKnownFileType = sourcecode.swift; path = GeneralItemCell.swift; sourceTree = "<group>"; };
		23695E9D2227DD0B00AD7076 /* CommentTableCell.swift */ = {isa = PBXFileReference; lastKnownFileType = sourcecode.swift; path = CommentTableCell.swift; sourceTree = "<group>"; };
<<<<<<< HEAD
		238792EA222CE2AB005E4E3E /* ExtensionUILabel.swift */ = {isa = PBXFileReference; lastKnownFileType = sourcecode.swift; path = ExtensionUILabel.swift; sourceTree = "<group>"; };
		238792EC222D041B005E4E3E /* AddNewCommentCell.swift */ = {isa = PBXFileReference; lastKnownFileType = sourcecode.swift; path = AddNewCommentCell.swift; sourceTree = "<group>"; };
		238792ED222D041B005E4E3E /* AddNewCommentCell.xib */ = {isa = PBXFileReference; lastKnownFileType = file.xib; path = AddNewCommentCell.xib; sourceTree = "<group>"; };
=======
>>>>>>> parent of 1a5d5b7... custom Viewitem
		23D02E5D2223799300882742 /* notritionVendorsAPP.app */ = {isa = PBXFileReference; explicitFileType = wrapper.application; includeInIndex = 0; path = notritionVendorsAPP.app; sourceTree = BUILT_PRODUCTS_DIR; };
		23D02E602223799300882742 /* AppDelegate.swift */ = {isa = PBXFileReference; lastKnownFileType = sourcecode.swift; path = AppDelegate.swift; sourceTree = "<group>"; };
		23D02E622223799300882742 /* LoginController.swift */ = {isa = PBXFileReference; lastKnownFileType = sourcecode.swift; path = LoginController.swift; sourceTree = "<group>"; };
		23D02E652223799300882742 /* Base */ = {isa = PBXFileReference; lastKnownFileType = file.storyboard; name = Base; path = Base.lproj/Main.storyboard; sourceTree = "<group>"; };
		23D02E672223799400882742 /* Assets.xcassets */ = {isa = PBXFileReference; lastKnownFileType = folder.assetcatalog; path = Assets.xcassets; sourceTree = "<group>"; };
		23D02E6A2223799400882742 /* Base */ = {isa = PBXFileReference; lastKnownFileType = file.storyboard; name = Base; path = Base.lproj/LaunchScreen.storyboard; sourceTree = "<group>"; };
		23D02E6C2223799400882742 /* Info.plist */ = {isa = PBXFileReference; lastKnownFileType = text.plist.xml; path = Info.plist; sourceTree = "<group>"; };
		2517CE55DA2DAF805F435575 /* Pods-notritionVendorsAPP.debug.xcconfig */ = {isa = PBXFileReference; includeInIndex = 1; lastKnownFileType = text.xcconfig; name = "Pods-notritionVendorsAPP.debug.xcconfig"; path = "Pods/Target Support Files/Pods-notritionVendorsAPP/Pods-notritionVendorsAPP.debug.xcconfig"; sourceTree = "<group>"; };
		A8D3C78C5C198D1296EA2D52 /* Pods-notritionVendorsAPP.release.xcconfig */ = {isa = PBXFileReference; includeInIndex = 1; lastKnownFileType = text.xcconfig; name = "Pods-notritionVendorsAPP.release.xcconfig"; path = "Pods/Target Support Files/Pods-notritionVendorsAPP/Pods-notritionVendorsAPP.release.xcconfig"; sourceTree = "<group>"; };
		C5B772CE597B45A98D426415 /* Pods_notritionVendorsAPP.framework */ = {isa = PBXFileReference; explicitFileType = wrapper.framework; includeInIndex = 0; path = Pods_notritionVendorsAPP.framework; sourceTree = BUILT_PRODUCTS_DIR; };
/* End PBXFileReference section */

/* Begin PBXFrameworksBuildPhase section */
		23D02E5A2223799300882742 /* Frameworks */ = {
			isa = PBXFrameworksBuildPhase;
			buildActionMask = 2147483647;
			files = (
				C1E9E7CB534923D4BFC15F1F /* Pods_notritionVendorsAPP.framework in Frameworks */,
			);
			runOnlyForDeploymentPostprocessing = 0;
		};
/* End PBXFrameworksBuildPhase section */

/* Begin PBXGroup section */
		235A32B32224EA7800DE5B0E /* libraries */ = {
			isa = PBXGroup;
			children = (
				235A32B42224EAB400DE5B0E /* ExtensionTextField.swift */,
				235A32B62224EB6400DE5B0E /* ExtensionStackView.swift */,
				235A32B82224EC1100DE5B0E /* ExtensionUIColor.swift */,
				235A32BA2224EDE400DE5B0E /* UIImageLibrary.swift */,
				23351DC3222539BF003944E2 /* ExtensionButton.swift */,
				23695E9122277DC600AD7076 /* ExtensionUICollectionView.swift */,
				23695E9322277F7200AD7076 /* ExtensionUIView.swift */,
			);
			path = libraries;
			sourceTree = "<group>";
		};
		23D02E542223799300882742 = {
			isa = PBXGroup;
			children = (
				23D02E5F2223799300882742 /* notritionVendorsAPP */,
				23D02E5E2223799300882742 /* Products */,
				F9481C0B62C5D8AAFAF3E6A6 /* Pods */,
				D6D88E404BF4B5919EE2F7E1 /* Frameworks */,
			);
			sourceTree = "<group>";
		};
		23D02E5E2223799300882742 /* Products */ = {
			isa = PBXGroup;
			children = (
				23D02E5D2223799300882742 /* notritionVendorsAPP.app */,
			);
			name = Products;
			sourceTree = "<group>";
		};
		23D02E5F2223799300882742 /* notritionVendorsAPP */ = {
			isa = PBXGroup;
			children = (
				235A32B32224EA7800DE5B0E /* libraries */,
				23D02E7622237AC100882742 /* resource */,
				23D02E7522237AB600882742 /* model */,
				23D02E7422237A7900882742 /* viewController */,
				23D02E7322237A7300882742 /* view */,
				23D02E6C2223799400882742 /* Info.plist */,
			);
			path = notritionVendorsAPP;
			sourceTree = "<group>";
		};
		23D02E7322237A7300882742 /* view */ = {
			isa = PBXGroup;
			children = (
				23D02E692223799400882742 /* LaunchScreen.storyboard */,
				23D02E642223799300882742 /* Main.storyboard */,
				230E2DD12226431D00246392 /* LogInAndLogOut.storyboard */,
			);
			path = view;
			sourceTree = "<group>";
		};
		23D02E7422237A7900882742 /* viewController */ = {
			isa = PBXGroup;
			children = (
				23D02E602223799300882742 /* AppDelegate.swift */,
				23D02E622223799300882742 /* LoginController.swift */,
				235A32AF2224E9F200DE5B0E /* SignupController.swift */,
				235A32B12224EA0C00DE5B0E /* HightRatingController.swift */,
				235A32BC2224F51500DE5B0E /* AccountController.swift */,
				235A32BE2225301E00DE5B0E /* ChangePasswordController.swift */,
				230E2DEB22267DCA00246392 /* CollectionItemCell.swift */,
				23695E9722278F3B00AD7076 /* ViewItemController.swift */,
				23695E9B2227B7F500AD7076 /* GeneralItemCell.swift */,
				23695E9D2227DD0B00AD7076 /* CommentTableCell.swift */,
				238792EC222D041B005E4E3E /* AddNewCommentCell.swift */,
				238792ED222D041B005E4E3E /* AddNewCommentCell.xib */,
			);
			path = viewController;
			sourceTree = "<group>";
		};
		23D02E7522237AB600882742 /* model */ = {
			isa = PBXGroup;
			children = (
				230E2DD722265A4700246392 /* User.swift */,
				230E2DD92226650700246392 /* Comment.swift */,
				230E2DDB222666F300246392 /* City.swift */,
				230E2DDD2226674200246392 /* Area.swift */,
				230E2DDF222667EE00246392 /* Location.swift */,
				230E2DE1222668C000246392 /* Item.swift */,
				230E2DE3222669F000246392 /* Document.swift */,
				230E2DE522266AEF00246392 /* ShopItem.swift */,
				230E2DE722266BFE00246392 /* Shop.swift */,
				230E2DE922266DDE00246392 /* Favorites.swift */,
			);
			path = model;
			sourceTree = "<group>";
		};
		23D02E7622237AC100882742 /* resource */ = {
			isa = PBXGroup;
			children = (
				23D02E672223799400882742 /* Assets.xcassets */,
			);
			path = resource;
			sourceTree = "<group>";
		};
		D6D88E404BF4B5919EE2F7E1 /* Frameworks */ = {
			isa = PBXGroup;
			children = (
				C5B772CE597B45A98D426415 /* Pods_notritionVendorsAPP.framework */,
			);
			name = Frameworks;
			sourceTree = "<group>";
		};
		F9481C0B62C5D8AAFAF3E6A6 /* Pods */ = {
			isa = PBXGroup;
			children = (
				2517CE55DA2DAF805F435575 /* Pods-notritionVendorsAPP.debug.xcconfig */,
				A8D3C78C5C198D1296EA2D52 /* Pods-notritionVendorsAPP.release.xcconfig */,
			);
			name = Pods;
			sourceTree = "<group>";
		};
/* End PBXGroup section */

/* Begin PBXNativeTarget section */
		23D02E5C2223799300882742 /* notritionVendorsAPP */ = {
			isa = PBXNativeTarget;
			buildConfigurationList = 23D02E6F2223799400882742 /* Build configuration list for PBXNativeTarget "notritionVendorsAPP" */;
			buildPhases = (
				A6036B480BE0CFA8F0890925 /* [CP] Check Pods Manifest.lock */,
				23D02E592223799300882742 /* Sources */,
				23D02E5A2223799300882742 /* Frameworks */,
				23D02E5B2223799300882742 /* Resources */,
				4DC17372A2F2DA2D517A4D86 /* [CP] Embed Pods Frameworks */,
			);
			buildRules = (
			);
			dependencies = (
			);
			name = notritionVendorsAPP;
			productName = notritionVendorsAPP;
			productReference = 23D02E5D2223799300882742 /* notritionVendorsAPP.app */;
			productType = "com.apple.product-type.application";
		};
/* End PBXNativeTarget section */

/* Begin PBXProject section */
		23D02E552223799300882742 /* Project object */ = {
			isa = PBXProject;
			attributes = {
				LastSwiftUpdateCheck = 1010;
				LastUpgradeCheck = 1010;
				ORGANIZATIONNAME = "Tu (Callie) T. NGUYEN";
				TargetAttributes = {
					23D02E5C2223799300882742 = {
						CreatedOnToolsVersion = 10.1;
					};
				};
			};
			buildConfigurationList = 23D02E582223799300882742 /* Build configuration list for PBXProject "notritionVendorsAPP" */;
			compatibilityVersion = "Xcode 9.3";
			developmentRegion = en;
			hasScannedForEncodings = 0;
			knownRegions = (
				en,
				Base,
			);
			mainGroup = 23D02E542223799300882742;
			productRefGroup = 23D02E5E2223799300882742 /* Products */;
			projectDirPath = "";
			projectRoot = "";
			targets = (
				23D02E5C2223799300882742 /* notritionVendorsAPP */,
			);
		};
/* End PBXProject section */

/* Begin PBXResourcesBuildPhase section */
		23D02E5B2223799300882742 /* Resources */ = {
			isa = PBXResourcesBuildPhase;
			buildActionMask = 2147483647;
			files = (
				238792EF222D041B005E4E3E /* AddNewCommentCell.xib in Resources */,
				23D02E6B2223799400882742 /* LaunchScreen.storyboard in Resources */,
				23D02E682223799400882742 /* Assets.xcassets in Resources */,
				230E2DD22226431D00246392 /* LogInAndLogOut.storyboard in Resources */,
				23D02E662223799300882742 /* Main.storyboard in Resources */,
			);
			runOnlyForDeploymentPostprocessing = 0;
		};
/* End PBXResourcesBuildPhase section */

/* Begin PBXShellScriptBuildPhase section */
		4DC17372A2F2DA2D517A4D86 /* [CP] Embed Pods Frameworks */ = {
			isa = PBXShellScriptBuildPhase;
			buildActionMask = 2147483647;
			files = (
			);
			inputFileListPaths = (
			);
			inputPaths = (
				"${SRCROOT}/Pods/Target Support Files/Pods-notritionVendorsAPP/Pods-notritionVendorsAPP-frameworks.sh",
				"${BUILT_PRODUCTS_DIR}/Cosmos/Cosmos.framework",
				"${BUILT_PRODUCTS_DIR}/TinyConstraints/TinyConstraints.framework",
			);
			name = "[CP] Embed Pods Frameworks";
			outputFileListPaths = (
			);
			outputPaths = (
				"${TARGET_BUILD_DIR}/${FRAMEWORKS_FOLDER_PATH}/Cosmos.framework",
				"${TARGET_BUILD_DIR}/${FRAMEWORKS_FOLDER_PATH}/TinyConstraints.framework",
			);
			runOnlyForDeploymentPostprocessing = 0;
			shellPath = /bin/sh;
			shellScript = "\"${SRCROOT}/Pods/Target Support Files/Pods-notritionVendorsAPP/Pods-notritionVendorsAPP-frameworks.sh\"\n";
			showEnvVarsInLog = 0;
		};
		A6036B480BE0CFA8F0890925 /* [CP] Check Pods Manifest.lock */ = {
			isa = PBXShellScriptBuildPhase;
			buildActionMask = 2147483647;
			files = (
			);
			inputFileListPaths = (
			);
			inputPaths = (
				"${PODS_PODFILE_DIR_PATH}/Podfile.lock",
				"${PODS_ROOT}/Manifest.lock",
			);
			name = "[CP] Check Pods Manifest.lock";
			outputFileListPaths = (
			);
			outputPaths = (
				"$(DERIVED_FILE_DIR)/Pods-notritionVendorsAPP-checkManifestLockResult.txt",
			);
			runOnlyForDeploymentPostprocessing = 0;
			shellPath = /bin/sh;
			shellScript = "diff \"${PODS_PODFILE_DIR_PATH}/Podfile.lock\" \"${PODS_ROOT}/Manifest.lock\" > /dev/null\nif [ $? != 0 ] ; then\n    # print error to STDERR\n    echo \"error: The sandbox is not in sync with the Podfile.lock. Run 'pod install' or update your CocoaPods installation.\" >&2\n    exit 1\nfi\n# This output is used by Xcode 'outputs' to avoid re-running this script phase.\necho \"SUCCESS\" > \"${SCRIPT_OUTPUT_FILE_0}\"\n";
			showEnvVarsInLog = 0;
		};
/* End PBXShellScriptBuildPhase section */

/* Begin PBXSourcesBuildPhase section */
		23D02E592223799300882742 /* Sources */ = {
			isa = PBXSourcesBuildPhase;
			buildActionMask = 2147483647;
			files = (
				230E2DD822265A4700246392 /* User.swift in Sources */,
				23695E9E2227DD0B00AD7076 /* CommentTableCell.swift in Sources */,
				235A32BF2225301E00DE5B0E /* ChangePasswordController.swift in Sources */,
				230E2DE622266AEF00246392 /* ShopItem.swift in Sources */,
				235A32B02224E9F200DE5B0E /* SignupController.swift in Sources */,
				23695E9222277DC600AD7076 /* ExtensionUICollectionView.swift in Sources */,
				23695E9C2227B7F500AD7076 /* GeneralItemCell.swift in Sources */,
				230E2DDA2226650700246392 /* Comment.swift in Sources */,
				23695E9422277F7200AD7076 /* ExtensionUIView.swift in Sources */,
				230E2DEA22266DDE00246392 /* Favorites.swift in Sources */,
				23695E9822278F3B00AD7076 /* ViewItemController.swift in Sources */,
				23351DC4222539BF003944E2 /* ExtensionButton.swift in Sources */,
				230E2DE0222667EE00246392 /* Location.swift in Sources */,
				235A32B52224EAB400DE5B0E /* ExtensionTextField.swift in Sources */,
				23D02E632223799300882742 /* LoginController.swift in Sources */,
				235A32B72224EB6400DE5B0E /* ExtensionStackView.swift in Sources */,
				230E2DE2222668C000246392 /* Item.swift in Sources */,
				238792EE222D041B005E4E3E /* AddNewCommentCell.swift in Sources */,
				23D02E612223799300882742 /* AppDelegate.swift in Sources */,
				235A32BB2224EDE400DE5B0E /* UIImageLibrary.swift in Sources */,
				230E2DDC222666F300246392 /* City.swift in Sources */,
				235A32BD2224F51500DE5B0E /* AccountController.swift in Sources */,
				235A32B92224EC1100DE5B0E /* ExtensionUIColor.swift in Sources */,
				230E2DDE2226674200246392 /* Area.swift in Sources */,
				230E2DE822266BFE00246392 /* Shop.swift in Sources */,
				230E2DED22267DCA00246392 /* CollectionItemCell.swift in Sources */,
				235A32B22224EA0C00DE5B0E /* HightRatingController.swift in Sources */,
				230E2DE4222669F000246392 /* Document.swift in Sources */,
			);
			runOnlyForDeploymentPostprocessing = 0;
		};
/* End PBXSourcesBuildPhase section */

/* Begin PBXVariantGroup section */
		23D02E642223799300882742 /* Main.storyboard */ = {
			isa = PBXVariantGroup;
			children = (
				23D02E652223799300882742 /* Base */,
			);
			name = Main.storyboard;
			sourceTree = "<group>";
		};
		23D02E692223799400882742 /* LaunchScreen.storyboard */ = {
			isa = PBXVariantGroup;
			children = (
				23D02E6A2223799400882742 /* Base */,
			);
			name = LaunchScreen.storyboard;
			sourceTree = "<group>";
		};
/* End PBXVariantGroup section */

/* Begin XCBuildConfiguration section */
		23D02E6D2223799400882742 /* Debug */ = {
			isa = XCBuildConfiguration;
			buildSettings = {
				ALWAYS_SEARCH_USER_PATHS = NO;
				CLANG_ANALYZER_NONNULL = YES;
				CLANG_ANALYZER_NUMBER_OBJECT_CONVERSION = YES_AGGRESSIVE;
				CLANG_CXX_LANGUAGE_STANDARD = "gnu++14";
				CLANG_CXX_LIBRARY = "libc++";
				CLANG_ENABLE_MODULES = YES;
				CLANG_ENABLE_OBJC_ARC = YES;
				CLANG_ENABLE_OBJC_WEAK = YES;
				CLANG_WARN_BLOCK_CAPTURE_AUTORELEASING = YES;
				CLANG_WARN_BOOL_CONVERSION = YES;
				CLANG_WARN_COMMA = YES;
				CLANG_WARN_CONSTANT_CONVERSION = YES;
				CLANG_WARN_DEPRECATED_OBJC_IMPLEMENTATIONS = YES;
				CLANG_WARN_DIRECT_OBJC_ISA_USAGE = YES_ERROR;
				CLANG_WARN_DOCUMENTATION_COMMENTS = YES;
				CLANG_WARN_EMPTY_BODY = YES;
				CLANG_WARN_ENUM_CONVERSION = YES;
				CLANG_WARN_INFINITE_RECURSION = YES;
				CLANG_WARN_INT_CONVERSION = YES;
				CLANG_WARN_NON_LITERAL_NULL_CONVERSION = YES;
				CLANG_WARN_OBJC_IMPLICIT_RETAIN_SELF = YES;
				CLANG_WARN_OBJC_LITERAL_CONVERSION = YES;
				CLANG_WARN_OBJC_ROOT_CLASS = YES_ERROR;
				CLANG_WARN_RANGE_LOOP_ANALYSIS = YES;
				CLANG_WARN_STRICT_PROTOTYPES = YES;
				CLANG_WARN_SUSPICIOUS_MOVE = YES;
				CLANG_WARN_UNGUARDED_AVAILABILITY = YES_AGGRESSIVE;
				CLANG_WARN_UNREACHABLE_CODE = YES;
				CLANG_WARN__DUPLICATE_METHOD_MATCH = YES;
				CODE_SIGN_IDENTITY = "iPhone Developer";
				COPY_PHASE_STRIP = NO;
				DEBUG_INFORMATION_FORMAT = dwarf;
				ENABLE_STRICT_OBJC_MSGSEND = YES;
				ENABLE_TESTABILITY = YES;
				GCC_C_LANGUAGE_STANDARD = gnu11;
				GCC_DYNAMIC_NO_PIC = NO;
				GCC_NO_COMMON_BLOCKS = YES;
				GCC_OPTIMIZATION_LEVEL = 0;
				GCC_PREPROCESSOR_DEFINITIONS = (
					"DEBUG=1",
					"$(inherited)",
				);
				GCC_WARN_64_TO_32_BIT_CONVERSION = YES;
				GCC_WARN_ABOUT_RETURN_TYPE = YES_ERROR;
				GCC_WARN_UNDECLARED_SELECTOR = YES;
				GCC_WARN_UNINITIALIZED_AUTOS = YES_AGGRESSIVE;
				GCC_WARN_UNUSED_FUNCTION = YES;
				GCC_WARN_UNUSED_VARIABLE = YES;
				IPHONEOS_DEPLOYMENT_TARGET = 12.1;
				MTL_ENABLE_DEBUG_INFO = INCLUDE_SOURCE;
				MTL_FAST_MATH = YES;
				ONLY_ACTIVE_ARCH = YES;
				SDKROOT = iphoneos;
				SWIFT_ACTIVE_COMPILATION_CONDITIONS = DEBUG;
				SWIFT_OPTIMIZATION_LEVEL = "-Onone";
			};
			name = Debug;
		};
		23D02E6E2223799400882742 /* Release */ = {
			isa = XCBuildConfiguration;
			buildSettings = {
				ALWAYS_SEARCH_USER_PATHS = NO;
				CLANG_ANALYZER_NONNULL = YES;
				CLANG_ANALYZER_NUMBER_OBJECT_CONVERSION = YES_AGGRESSIVE;
				CLANG_CXX_LANGUAGE_STANDARD = "gnu++14";
				CLANG_CXX_LIBRARY = "libc++";
				CLANG_ENABLE_MODULES = YES;
				CLANG_ENABLE_OBJC_ARC = YES;
				CLANG_ENABLE_OBJC_WEAK = YES;
				CLANG_WARN_BLOCK_CAPTURE_AUTORELEASING = YES;
				CLANG_WARN_BOOL_CONVERSION = YES;
				CLANG_WARN_COMMA = YES;
				CLANG_WARN_CONSTANT_CONVERSION = YES;
				CLANG_WARN_DEPRECATED_OBJC_IMPLEMENTATIONS = YES;
				CLANG_WARN_DIRECT_OBJC_ISA_USAGE = YES_ERROR;
				CLANG_WARN_DOCUMENTATION_COMMENTS = YES;
				CLANG_WARN_EMPTY_BODY = YES;
				CLANG_WARN_ENUM_CONVERSION = YES;
				CLANG_WARN_INFINITE_RECURSION = YES;
				CLANG_WARN_INT_CONVERSION = YES;
				CLANG_WARN_NON_LITERAL_NULL_CONVERSION = YES;
				CLANG_WARN_OBJC_IMPLICIT_RETAIN_SELF = YES;
				CLANG_WARN_OBJC_LITERAL_CONVERSION = YES;
				CLANG_WARN_OBJC_ROOT_CLASS = YES_ERROR;
				CLANG_WARN_RANGE_LOOP_ANALYSIS = YES;
				CLANG_WARN_STRICT_PROTOTYPES = YES;
				CLANG_WARN_SUSPICIOUS_MOVE = YES;
				CLANG_WARN_UNGUARDED_AVAILABILITY = YES_AGGRESSIVE;
				CLANG_WARN_UNREACHABLE_CODE = YES;
				CLANG_WARN__DUPLICATE_METHOD_MATCH = YES;
				CODE_SIGN_IDENTITY = "iPhone Developer";
				COPY_PHASE_STRIP = NO;
				DEBUG_INFORMATION_FORMAT = "dwarf-with-dsym";
				ENABLE_NS_ASSERTIONS = NO;
				ENABLE_STRICT_OBJC_MSGSEND = YES;
				GCC_C_LANGUAGE_STANDARD = gnu11;
				GCC_NO_COMMON_BLOCKS = YES;
				GCC_WARN_64_TO_32_BIT_CONVERSION = YES;
				GCC_WARN_ABOUT_RETURN_TYPE = YES_ERROR;
				GCC_WARN_UNDECLARED_SELECTOR = YES;
				GCC_WARN_UNINITIALIZED_AUTOS = YES_AGGRESSIVE;
				GCC_WARN_UNUSED_FUNCTION = YES;
				GCC_WARN_UNUSED_VARIABLE = YES;
				IPHONEOS_DEPLOYMENT_TARGET = 12.1;
				MTL_ENABLE_DEBUG_INFO = NO;
				MTL_FAST_MATH = YES;
				SDKROOT = iphoneos;
				SWIFT_COMPILATION_MODE = wholemodule;
				SWIFT_OPTIMIZATION_LEVEL = "-O";
				VALIDATE_PRODUCT = YES;
			};
			name = Release;
		};
		23D02E702223799400882742 /* Debug */ = {
			isa = XCBuildConfiguration;
			baseConfigurationReference = 2517CE55DA2DAF805F435575 /* Pods-notritionVendorsAPP.debug.xcconfig */;
			buildSettings = {
				ASSETCATALOG_COMPILER_APPICON_NAME = AppIcon;
				CODE_SIGN_STYLE = Automatic;
				INFOPLIST_FILE = notritionVendorsAPP/Info.plist;
				LD_RUNPATH_SEARCH_PATHS = (
					"$(inherited)",
					"@executable_path/Frameworks",
				);
				PRODUCT_BUNDLE_IDENTIFIER = Enclave.notritionVendorsAPP;
				PRODUCT_NAME = "$(TARGET_NAME)";
				SWIFT_REFLECTION_METADATA_LEVEL = none;
				SWIFT_VERSION = 4.2;
				TARGETED_DEVICE_FAMILY = 1;
			};
			name = Debug;
		};
		23D02E712223799400882742 /* Release */ = {
			isa = XCBuildConfiguration;
			baseConfigurationReference = A8D3C78C5C198D1296EA2D52 /* Pods-notritionVendorsAPP.release.xcconfig */;
			buildSettings = {
				ASSETCATALOG_COMPILER_APPICON_NAME = AppIcon;
				CODE_SIGN_STYLE = Automatic;
				INFOPLIST_FILE = notritionVendorsAPP/Info.plist;
				LD_RUNPATH_SEARCH_PATHS = (
					"$(inherited)",
					"@executable_path/Frameworks",
				);
				PRODUCT_BUNDLE_IDENTIFIER = Enclave.notritionVendorsAPP;
				PRODUCT_NAME = "$(TARGET_NAME)";
				SWIFT_REFLECTION_METADATA_LEVEL = none;
				SWIFT_VERSION = 4.2;
				TARGETED_DEVICE_FAMILY = 1;
			};
			name = Release;
		};
/* End XCBuildConfiguration section */

/* Begin XCConfigurationList section */
		23D02E582223799300882742 /* Build configuration list for PBXProject "notritionVendorsAPP" */ = {
			isa = XCConfigurationList;
			buildConfigurations = (
				23D02E6D2223799400882742 /* Debug */,
				23D02E6E2223799400882742 /* Release */,
			);
			defaultConfigurationIsVisible = 0;
			defaultConfigurationName = Release;
		};
		23D02E6F2223799400882742 /* Build configuration list for PBXNativeTarget "notritionVendorsAPP" */ = {
			isa = XCConfigurationList;
			buildConfigurations = (
				23D02E702223799400882742 /* Debug */,
				23D02E712223799400882742 /* Release */,
			);
			defaultConfigurationIsVisible = 0;
			defaultConfigurationName = Release;
		};
/* End XCConfigurationList section */
	};
	rootObject = 23D02E552223799300882742 /* Project object */;
}
