// !$*UTF8*$!
{
	archiveVersion = 1;
	classes = {
	};
	objectVersion = 50;
	objects = {

/* Begin PBXBuildFile section */
		2300BE6B222D30B7008E9101 /* GeneralInforItemCell.swift in Sources */ = {isa = PBXBuildFile; fileRef = 2300BE69222D30B7008E9101 /* GeneralInforItemCell.swift */; };
		2300BE6C222D30B7008E9101 /* GeneralInforItemCell.xib in Resources */ = {isa = PBXBuildFile; fileRef = 2300BE6A222D30B7008E9101 /* GeneralInforItemCell.xib */; };
		2300BE78222D34B2008E9101 /* GeneralValueCell.swift in Sources */ = {isa = PBXBuildFile; fileRef = 2300BE76222D34B2008E9101 /* GeneralValueCell.swift */; };
		2300BE79222D34B2008E9101 /* GeneralValueCell.xib in Resources */ = {isa = PBXBuildFile; fileRef = 2300BE77222D34B2008E9101 /* GeneralValueCell.xib */; };
		2300BE7C222D3658008E9101 /* ViewCommentCell.swift in Sources */ = {isa = PBXBuildFile; fileRef = 2300BE7A222D3658008E9101 /* ViewCommentCell.swift */; };
		2300BE7D222D3658008E9101 /* ViewCommentCell.xib in Resources */ = {isa = PBXBuildFile; fileRef = 2300BE7B222D3658008E9101 /* ViewCommentCell.xib */; };
		230E2DD22226431D00246392 /* LogInAndLogOut.storyboard in Resources */ = {isa = PBXBuildFile; fileRef = 230E2DD12226431D00246392 /* LogInAndLogOut.storyboard */; };
		230E2DD822265A4700246392 /* User.swift in Sources */ = {isa = PBXBuildFile; fileRef = 230E2DD722265A4700246392 /* User.swift */; };
		230E2DDA2226650700246392 /* Comment.swift in Sources */ = {isa = PBXBuildFile; fileRef = 230E2DD92226650700246392 /* Comment.swift */; };
		230E2DDC222666F300246392 /* City.swift in Sources */ = {isa = PBXBuildFile; fileRef = 230E2DDB222666F300246392 /* City.swift */; };
		230E2DDE2226674200246392 /* Area.swift in Sources */ = {isa = PBXBuildFile; fileRef = 230E2DDD2226674200246392 /* Area.swift */; };
		230E2DE0222667EE00246392 /* Location.swift in Sources */ = {isa = PBXBuildFile; fileRef = 230E2DDF222667EE00246392 /* Location.swift */; };
		230E2DE2222668C000246392 /* Item.swift in Sources */ = {isa = PBXBuildFile; fileRef = 230E2DE1222668C000246392 /* Item.swift */; };
		230E2DE4222669F000246392 /* Document.swift in Sources */ = {isa = PBXBuildFile; fileRef = 230E2DE3222669F000246392 /* Document.swift */; };
		230E2DE622266AEF00246392 /* ShopItem.swift in Sources */ = {isa = PBXBuildFile; fileRef = 230E2DE522266AEF00246392 /* ShopItem.swift */; };
		230E2DE822266BFE00246392 /* Shop.swift in Sources */ = {isa = PBXBuildFile; fileRef = 230E2DE722266BFE00246392 /* Shop.swift */; };
		230E2DEA22266DDE00246392 /* Favorites.swift in Sources */ = {isa = PBXBuildFile; fileRef = 230E2DE922266DDE00246392 /* Favorites.swift */; };
		230E2DED22267DCA00246392 /* CollectionItemCell.swift in Sources */ = {isa = PBXBuildFile; fileRef = 230E2DEB22267DCA00246392 /* CollectionItemCell.swift */; };
		231ABDAA2266DAE0006D6B01 /* NibDesignable.swift in Sources */ = {isa = PBXBuildFile; fileRef = 231ABDA92266DAE0006D6B01 /* NibDesignable.swift */; };
		231ABDB72266DE0C006D6B01 /* LocationServicesProtocol.swift in Sources */ = {isa = PBXBuildFile; fileRef = 231ABDB62266DE0C006D6B01 /* LocationServicesProtocol.swift */; };
		231ABDBA2266DF4D006D6B01 /* MapManager.swift in Sources */ = {isa = PBXBuildFile; fileRef = 231ABDB92266DF4D006D6B01 /* MapManager.swift */; };
		231ABDBC2266E13B006D6B01 /* MapRouter.swift in Sources */ = {isa = PBXBuildFile; fileRef = 231ABDBB2266E13B006D6B01 /* MapRouter.swift */; };
		231ABDBE2266E16B006D6B01 /* MapTaskManager.swift in Sources */ = {isa = PBXBuildFile; fileRef = 231ABDBD2266E16B006D6B01 /* MapTaskManager.swift */; };
		231ABDC22266E1B0006D6B01 /* mapRequestBodyDirections.swift in Sources */ = {isa = PBXBuildFile; fileRef = 231ABDC12266E1B0006D6B01 /* mapRequestBodyDirections.swift */; };
		231ABDC42266E1D4006D6B01 /* MapResponseDirections.swift in Sources */ = {isa = PBXBuildFile; fileRef = 231ABDC32266E1D4006D6B01 /* MapResponseDirections.swift */; };
		231AE460222E28860082C06E /* DateTimeLibrary.swift in Sources */ = {isa = PBXBuildFile; fileRef = 231AE45F222E28860082C06E /* DateTimeLibrary.swift */; };
		231AE462222E2A030082C06E /* ExtensionUIlabel.swift in Sources */ = {isa = PBXBuildFile; fileRef = 231AE461222E2A030082C06E /* ExtensionUIlabel.swift */; };
		231AE468222E2EDF0082C06E /* GeneralValueItem.swift in Sources */ = {isa = PBXBuildFile; fileRef = 231AE467222E2EDF0082C06E /* GeneralValueItem.swift */; };
		231AF5CC225F2BE50057DD11 /* ShopController.swift in Sources */ = {isa = PBXBuildFile; fileRef = 231AF5CB225F2BE50057DD11 /* ShopController.swift */; };
		231AF5CE225F45850057DD11 /* ShopCell.swift in Sources */ = {isa = PBXBuildFile; fileRef = 231AF5CD225F45850057DD11 /* ShopCell.swift */; };
		231AF5D0225F4EA10057DD11 /* ShopServices.swift in Sources */ = {isa = PBXBuildFile; fileRef = 231AF5CF225F4EA10057DD11 /* ShopServices.swift */; };
		231C5B6F224DCE5A00161534 /* PhotoItemController.swift in Sources */ = {isa = PBXBuildFile; fileRef = 231C5B6E224DCE5A00161534 /* PhotoItemController.swift */; };
		2320C6F22251C7C700A2C328 /* DetailPhotoController.swift in Sources */ = {isa = PBXBuildFile; fileRef = 2320C6F12251C7C700A2C328 /* DetailPhotoController.swift */; };
		2320C6F42251C8AD00A2C328 /* DetailPhotoCell.swift in Sources */ = {isa = PBXBuildFile; fileRef = 2320C6F32251C8AD00A2C328 /* DetailPhotoCell.swift */; };
		2323C8B2223F5B8B00DA68CA /* ViewLocationShopController.swift in Sources */ = {isa = PBXBuildFile; fileRef = 2323C8B1223F5B8B00DA68CA /* ViewLocationShopController.swift */; };
		2323D6AD2269B4160005E104 /* MapCell.swift in Sources */ = {isa = PBXBuildFile; fileRef = 2323D6AB2269B4160005E104 /* MapCell.swift */; };
		2323D6AE2269B4160005E104 /* MapCell.xib in Resources */ = {isa = PBXBuildFile; fileRef = 2323D6AC2269B4160005E104 /* MapCell.xib */; };
		232900D2225C7124009D7DD1 /* CommentServices.swift in Sources */ = {isa = PBXBuildFile; fileRef = 232900D1225C7124009D7DD1 /* CommentServices.swift */; };
		23351DC4222539BF003944E2 /* ExtensionButton.swift in Sources */ = {isa = PBXBuildFile; fileRef = 23351DC3222539BF003944E2 /* ExtensionButton.swift */; };
		233B390822375463003EB253 /* AuthServices.swift in Sources */ = {isa = PBXBuildFile; fileRef = 233B390722375463003EB253 /* AuthServices.swift */; };
		233B390B223755FD003EB253 /* Constant.swift in Sources */ = {isa = PBXBuildFile; fileRef = 233B390A223755FD003EB253 /* Constant.swift */; };
		233B390D22376476003EB253 /* StringLibrary.swift in Sources */ = {isa = PBXBuildFile; fileRef = 233B390C22376476003EB253 /* StringLibrary.swift */; };
		234B5CC622682AA900E7E61F /* ShopMarkerView.xib in Resources */ = {isa = PBXBuildFile; fileRef = 234B5CC522682AA900E7E61F /* ShopMarkerView.xib */; };
		234B5CC822682B0B00E7E61F /* ShopMarkerView.swift in Sources */ = {isa = PBXBuildFile; fileRef = 234B5CC722682B0B00E7E61F /* ShopMarkerView.swift */; };
		234B5CCA226834B100E7E61F /* GoogleMap.storyboard in Resources */ = {isa = PBXBuildFile; fileRef = 234B5CC9226834B100E7E61F /* GoogleMap.storyboard */; };
		2352404922632E7F004B11CF /* CategoryUITableCell.swift in Sources */ = {isa = PBXBuildFile; fileRef = 2352404822632E7F004B11CF /* CategoryUITableCell.swift */; };
		2352404B22632E99004B11CF /* CategoryController.swift in Sources */ = {isa = PBXBuildFile; fileRef = 2352404A22632E99004B11CF /* CategoryController.swift */; };
		2352404E22634E33004B11CF /* ActionCell.swift in Sources */ = {isa = PBXBuildFile; fileRef = 2352404C22634E33004B11CF /* ActionCell.swift */; };
		2352404F22634E33004B11CF /* ActionCell.xib in Resources */ = {isa = PBXBuildFile; fileRef = 2352404D22634E33004B11CF /* ActionCell.xib */; };
		2352405222635191004B11CF /* AddCommentBtnCell.swift in Sources */ = {isa = PBXBuildFile; fileRef = 2352405022635191004B11CF /* AddCommentBtnCell.swift */; };
		2352405322635191004B11CF /* AddCommentBtnCell.xib in Resources */ = {isa = PBXBuildFile; fileRef = 2352405122635191004B11CF /* AddCommentBtnCell.xib */; };
		2352405522635585004B11CF /* ItemInShop.storyboard in Resources */ = {isa = PBXBuildFile; fileRef = 2352405422635585004B11CF /* ItemInShop.storyboard */; };
		2352405722635661004B11CF /* Delivery.storyboard in Resources */ = {isa = PBXBuildFile; fileRef = 2352405622635661004B11CF /* Delivery.storyboard */; };
		2352405A2263577A004B11CF /* DeliveryController.swift in Sources */ = {isa = PBXBuildFile; fileRef = 235240592263577A004B11CF /* DeliveryController.swift */; };
		2352405C226358A6004B11CF /* ItemInShopController.swift in Sources */ = {isa = PBXBuildFile; fileRef = 2352405B226358A6004B11CF /* ItemInShopController.swift */; };
		2359CD6A225750A200C5D892 /* NotificationConstant.swift in Sources */ = {isa = PBXBuildFile; fileRef = 2359CD69225750A200C5D892 /* NotificationConstant.swift */; };
		235A32B02224E9F200DE5B0E /* SignupController.swift in Sources */ = {isa = PBXBuildFile; fileRef = 235A32AF2224E9F200DE5B0E /* SignupController.swift */; };
		235A32B22224EA0C00DE5B0E /* HightRatingController.swift in Sources */ = {isa = PBXBuildFile; fileRef = 235A32B12224EA0C00DE5B0E /* HightRatingController.swift */; };
		235A32B52224EAB400DE5B0E /* ExtensionTextField.swift in Sources */ = {isa = PBXBuildFile; fileRef = 235A32B42224EAB400DE5B0E /* ExtensionTextField.swift */; };
		235A32B72224EB6400DE5B0E /* ExtensionStackView.swift in Sources */ = {isa = PBXBuildFile; fileRef = 235A32B62224EB6400DE5B0E /* ExtensionStackView.swift */; };
		235A32BD2224F51500DE5B0E /* AccountDetailController.swift in Sources */ = {isa = PBXBuildFile; fileRef = 235A32BC2224F51500DE5B0E /* AccountDetailController.swift */; };
		235A32BF2225301E00DE5B0E /* ChangePasswordController.swift in Sources */ = {isa = PBXBuildFile; fileRef = 235A32BE2225301E00DE5B0E /* ChangePasswordController.swift */; };
		235A49ED2248BEF70034A944 /* CustomImageView.swift in Sources */ = {isa = PBXBuildFile; fileRef = 235A49EC2248BEF70034A944 /* CustomImageView.swift */; };
		235AC4AF2265BDDF009A0CD0 /* SearchResponse.swift in Sources */ = {isa = PBXBuildFile; fileRef = 235AC4AE2265BDDF009A0CD0 /* SearchResponse.swift */; };
		235B169D226C2EEC001A6BB6 /* SearchServices.swift in Sources */ = {isa = PBXBuildFile; fileRef = 235B169C226C2EEC001A6BB6 /* SearchServices.swift */; };
		235B169F226C71F6001A6BB6 /* AccountCell.swift in Sources */ = {isa = PBXBuildFile; fileRef = 235B169E226C71F6001A6BB6 /* AccountCell.swift */; };
		235B16A3226C72AC001A6BB6 /* AccountController.swift in Sources */ = {isa = PBXBuildFile; fileRef = 235B16A2226C72AC001A6BB6 /* AccountController.swift */; };
		235B6685226308D900BBFAFC /* DetailFood.storyboard in Resources */ = {isa = PBXBuildFile; fileRef = 235B6684226308D900BBFAFC /* DetailFood.storyboard */; };
		235B668722630BCA00BBFAFC /* AccountDetail.storyboard in Resources */ = {isa = PBXBuildFile; fileRef = 235B668622630BCA00BBFAFC /* AccountDetail.storyboard */; };
		235C9A2D2249E0A600E01484 /* QuartzCore.framework in Frameworks */ = {isa = PBXBuildFile; fileRef = 235C9A2C2249E0A600E01484 /* QuartzCore.framework */; settings = {ATTRIBUTES = (Required, ); }; };
		23614F0F2256020E00B5DD81 /* FavoritesResponse.swift in Sources */ = {isa = PBXBuildFile; fileRef = 23614F0E2256020E00B5DD81 /* FavoritesResponse.swift */; };
		23614F1122560F7E00B5DD81 /* FavoritesService.swift in Sources */ = {isa = PBXBuildFile; fileRef = 23614F1022560F7E00B5DD81 /* FavoritesService.swift */; };
		23695E9222277DC600AD7076 /* ExtensionUICollectionView.swift in Sources */ = {isa = PBXBuildFile; fileRef = 23695E9122277DC600AD7076 /* ExtensionUICollectionView.swift */; };
		23695E9422277F7200AD7076 /* ExtensionUIView.swift in Sources */ = {isa = PBXBuildFile; fileRef = 23695E9322277F7200AD7076 /* ExtensionUIView.swift */; };
		23695E9822278F3B00AD7076 /* ViewItemController.swift in Sources */ = {isa = PBXBuildFile; fileRef = 23695E9722278F3B00AD7076 /* ViewItemController.swift */; };
		236A32B72258944500AA2410 /* FavoritesViewController.swift in Sources */ = {isa = PBXBuildFile; fileRef = 236A32B62258944500AA2410 /* FavoritesViewController.swift */; };
		236A32B92258945F00AA2410 /* FavoritesCell.swift in Sources */ = {isa = PBXBuildFile; fileRef = 236A32B82258945F00AA2410 /* FavoritesCell.swift */; };
		236A32BC22589D6100AA2410 /* MBProgressHUD.m in Sources */ = {isa = PBXBuildFile; fileRef = 236A32BA22589D6100AA2410 /* MBProgressHUD.m */; };
		236A5A83225B455F005C27E8 /* HeaderCollectionCell.swift in Sources */ = {isa = PBXBuildFile; fileRef = 236A5A82225B455F005C27E8 /* HeaderCollectionCell.swift */; };
		2373EB90226D5E0B00D779F2 /* AccountLogedInCell.swift in Sources */ = {isa = PBXBuildFile; fileRef = 2373EB8E226D5E0B00D779F2 /* AccountLogedInCell.swift */; };
		2373EB91226D5E0B00D779F2 /* AccountLogedInCell.xib in Resources */ = {isa = PBXBuildFile; fileRef = 2373EB8F226D5E0B00D779F2 /* AccountLogedInCell.xib */; };
		2376D98F224CDC4200DDFB19 /* PhotoItemCell.swift in Sources */ = {isa = PBXBuildFile; fileRef = 2376D98E224CDC4200DDFB19 /* PhotoItemCell.swift */; };
		2378E12D2247385700837883 /* DocumentResponse.swift in Sources */ = {isa = PBXBuildFile; fileRef = 2378E12C2247385700837883 /* DocumentResponse.swift */; };
		237DABF32261E37F00FE57FB /* SearchController.swift in Sources */ = {isa = PBXBuildFile; fileRef = 237DABF22261E37F00FE57FB /* SearchController.swift */; };
		237DABF52261E7B200FE57FB /* SearchCell.swift in Sources */ = {isa = PBXBuildFile; fileRef = 237DABF42261E7B200FE57FB /* SearchCell.swift */; };
		237DABF72262049C00FE57FB /* Search.storyboard in Resources */ = {isa = PBXBuildFile; fileRef = 237DABF62262049C00FE57FB /* Search.storyboard */; };
		2381B644225AFDE0004DAA64 /* CategoryResponse.swift in Sources */ = {isa = PBXBuildFile; fileRef = 2381B643225AFDE0004DAA64 /* CategoryResponse.swift */; };
		2381B646225B0185004DAA64 /* CategoryServices.swift in Sources */ = {isa = PBXBuildFile; fileRef = 2381B645225B0185004DAA64 /* CategoryServices.swift */; };
		2381B649225B064F004DAA64 /* CategoryCell.swift in Sources */ = {isa = PBXBuildFile; fileRef = 2381B647225B064F004DAA64 /* CategoryCell.swift */; };
		2381B64A225B064F004DAA64 /* CategoryCell.xib in Resources */ = {isa = PBXBuildFile; fileRef = 2381B648225B064F004DAA64 /* CategoryCell.xib */; };
		23A31BB5224088FD00FE2D69 /* ShopItemResponse.swift in Sources */ = {isa = PBXBuildFile; fileRef = 23A31BB4224088FD00FE2D69 /* ShopItemResponse.swift */; };
		23A31BB7224093F800FE2D69 /* ShopItemService.swift in Sources */ = {isa = PBXBuildFile; fileRef = 23A31BB6224093F700FE2D69 /* ShopItemService.swift */; };
		23A31BBA2240948F00FE2D69 /* NetworkingClient.swift in Sources */ = {isa = PBXBuildFile; fileRef = 23A31BB92240948F00FE2D69 /* NetworkingClient.swift */; };
		23B6023F222E767E00FBBD79 /* ExtensionUIImage.swift in Sources */ = {isa = PBXBuildFile; fileRef = 23B6023E222E767E00FBBD79 /* ExtensionUIImage.swift */; };
		23B7653E22642F4300DC76F7 /* NewCommentController.swift in Sources */ = {isa = PBXBuildFile; fileRef = 23B7653D22642F4300DC76F7 /* NewCommentController.swift */; };
		23B765422264A27400DC76F7 /* ItemInShopCell.swift in Sources */ = {isa = PBXBuildFile; fileRef = 23B765412264A27400DC76F7 /* ItemInShopCell.swift */; };
		23D02E612223799300882742 /* AppDelegate.swift in Sources */ = {isa = PBXBuildFile; fileRef = 23D02E602223799300882742 /* AppDelegate.swift */; };
		23D02E632223799300882742 /* LoginController.swift in Sources */ = {isa = PBXBuildFile; fileRef = 23D02E622223799300882742 /* LoginController.swift */; };
		23D02E662223799300882742 /* Main.storyboard in Resources */ = {isa = PBXBuildFile; fileRef = 23D02E642223799300882742 /* Main.storyboard */; };
		23D02E682223799400882742 /* Assets.xcassets in Resources */ = {isa = PBXBuildFile; fileRef = 23D02E672223799400882742 /* Assets.xcassets */; };
		23D02E6B2223799400882742 /* LaunchScreen.storyboard in Resources */ = {isa = PBXBuildFile; fileRef = 23D02E692223799400882742 /* LaunchScreen.storyboard */; };
		23D5080922423637005FB1AC /* LocationResponse.swift in Sources */ = {isa = PBXBuildFile; fileRef = 23D5080822423637005FB1AC /* LocationResponse.swift */; };
		23D5080B224236D4005FB1AC /* ShopResponse.swift in Sources */ = {isa = PBXBuildFile; fileRef = 23D5080A224236D4005FB1AC /* ShopResponse.swift */; };
		23E6FD75224B5479001C72B2 /* ExtentionDouble.swift in Sources */ = {isa = PBXBuildFile; fileRef = 23E6FD74224B5479001C72B2 /* ExtentionDouble.swift */; };
		23EAA4452246621100A30E98 /* CommentResponse.swift in Sources */ = {isa = PBXBuildFile; fileRef = 23EAA4442246621100A30E98 /* CommentResponse.swift */; };
		23EAA4472246638300A30E98 /* UserResponse.swift in Sources */ = {isa = PBXBuildFile; fileRef = 23EAA4462246638300A30E98 /* UserResponse.swift */; };
		C1E9E7CB534923D4BFC15F1F /* Pods_notritionVendorsAPP.framework in Frameworks */ = {isa = PBXBuildFile; fileRef = C5B772CE597B45A98D426415 /* Pods_notritionVendorsAPP.framework */; };
/* End PBXBuildFile section */

/* Begin PBXFileReference section */
		2300BE69222D30B7008E9101 /* GeneralInforItemCell.swift */ = {isa = PBXFileReference; lastKnownFileType = sourcecode.swift; path = GeneralInforItemCell.swift; sourceTree = "<group>"; };
		2300BE6A222D30B7008E9101 /* GeneralInforItemCell.xib */ = {isa = PBXFileReference; lastKnownFileType = file.xib; path = GeneralInforItemCell.xib; sourceTree = "<group>"; };
		2300BE76222D34B2008E9101 /* GeneralValueCell.swift */ = {isa = PBXFileReference; lastKnownFileType = sourcecode.swift; path = GeneralValueCell.swift; sourceTree = "<group>"; };
		2300BE77222D34B2008E9101 /* GeneralValueCell.xib */ = {isa = PBXFileReference; lastKnownFileType = file.xib; path = GeneralValueCell.xib; sourceTree = "<group>"; };
		2300BE7A222D3658008E9101 /* ViewCommentCell.swift */ = {isa = PBXFileReference; lastKnownFileType = sourcecode.swift; path = ViewCommentCell.swift; sourceTree = "<group>"; };
		2300BE7B222D3658008E9101 /* ViewCommentCell.xib */ = {isa = PBXFileReference; lastKnownFileType = file.xib; path = ViewCommentCell.xib; sourceTree = "<group>"; };
		230E2DD12226431D00246392 /* LogInAndLogOut.storyboard */ = {isa = PBXFileReference; lastKnownFileType = file.storyboard; path = LogInAndLogOut.storyboard; sourceTree = "<group>"; };
		230E2DD722265A4700246392 /* User.swift */ = {isa = PBXFileReference; lastKnownFileType = sourcecode.swift; path = User.swift; sourceTree = "<group>"; };
		230E2DD92226650700246392 /* Comment.swift */ = {isa = PBXFileReference; lastKnownFileType = sourcecode.swift; path = Comment.swift; sourceTree = "<group>"; };
		230E2DDB222666F300246392 /* City.swift */ = {isa = PBXFileReference; lastKnownFileType = sourcecode.swift; path = City.swift; sourceTree = "<group>"; };
		230E2DDD2226674200246392 /* Area.swift */ = {isa = PBXFileReference; lastKnownFileType = sourcecode.swift; path = Area.swift; sourceTree = "<group>"; };
		230E2DDF222667EE00246392 /* Location.swift */ = {isa = PBXFileReference; lastKnownFileType = sourcecode.swift; path = Location.swift; sourceTree = "<group>"; };
		230E2DE1222668C000246392 /* Item.swift */ = {isa = PBXFileReference; lastKnownFileType = sourcecode.swift; path = Item.swift; sourceTree = "<group>"; };
		230E2DE3222669F000246392 /* Document.swift */ = {isa = PBXFileReference; lastKnownFileType = sourcecode.swift; path = Document.swift; sourceTree = "<group>"; };
		230E2DE522266AEF00246392 /* ShopItem.swift */ = {isa = PBXFileReference; lastKnownFileType = sourcecode.swift; path = ShopItem.swift; sourceTree = "<group>"; };
		230E2DE722266BFE00246392 /* Shop.swift */ = {isa = PBXFileReference; lastKnownFileType = sourcecode.swift; path = Shop.swift; sourceTree = "<group>"; };
		230E2DE922266DDE00246392 /* Favorites.swift */ = {isa = PBXFileReference; lastKnownFileType = sourcecode.swift; path = Favorites.swift; sourceTree = "<group>"; };
		230E2DEB22267DCA00246392 /* CollectionItemCell.swift */ = {isa = PBXFileReference; lastKnownFileType = sourcecode.swift; path = CollectionItemCell.swift; sourceTree = "<group>"; };
		231ABDA92266DAE0006D6B01 /* NibDesignable.swift */ = {isa = PBXFileReference; lastKnownFileType = sourcecode.swift; path = NibDesignable.swift; sourceTree = "<group>"; };
		231ABDB62266DE0C006D6B01 /* LocationServicesProtocol.swift */ = {isa = PBXFileReference; lastKnownFileType = sourcecode.swift; path = LocationServicesProtocol.swift; sourceTree = "<group>"; };
		231ABDB92266DF4D006D6B01 /* MapManager.swift */ = {isa = PBXFileReference; lastKnownFileType = sourcecode.swift; path = MapManager.swift; sourceTree = "<group>"; };
		231ABDBB2266E13B006D6B01 /* MapRouter.swift */ = {isa = PBXFileReference; lastKnownFileType = sourcecode.swift; path = MapRouter.swift; sourceTree = "<group>"; };
		231ABDBD2266E16B006D6B01 /* MapTaskManager.swift */ = {isa = PBXFileReference; lastKnownFileType = sourcecode.swift; path = MapTaskManager.swift; sourceTree = "<group>"; };
		231ABDC12266E1B0006D6B01 /* mapRequestBodyDirections.swift */ = {isa = PBXFileReference; lastKnownFileType = sourcecode.swift; path = mapRequestBodyDirections.swift; sourceTree = "<group>"; };
		231ABDC32266E1D4006D6B01 /* MapResponseDirections.swift */ = {isa = PBXFileReference; lastKnownFileType = sourcecode.swift; path = MapResponseDirections.swift; sourceTree = "<group>"; };
		231AE45F222E28860082C06E /* DateTimeLibrary.swift */ = {isa = PBXFileReference; lastKnownFileType = sourcecode.swift; path = DateTimeLibrary.swift; sourceTree = "<group>"; };
		231AE461222E2A030082C06E /* ExtensionUIlabel.swift */ = {isa = PBXFileReference; lastKnownFileType = sourcecode.swift; path = ExtensionUIlabel.swift; sourceTree = "<group>"; };
		231AE467222E2EDF0082C06E /* GeneralValueItem.swift */ = {isa = PBXFileReference; lastKnownFileType = sourcecode.swift; path = GeneralValueItem.swift; sourceTree = "<group>"; };
		231AF5CB225F2BE50057DD11 /* ShopController.swift */ = {isa = PBXFileReference; lastKnownFileType = sourcecode.swift; path = ShopController.swift; sourceTree = "<group>"; };
		231AF5CD225F45850057DD11 /* ShopCell.swift */ = {isa = PBXFileReference; lastKnownFileType = sourcecode.swift; path = ShopCell.swift; sourceTree = "<group>"; };
		231AF5CF225F4EA10057DD11 /* ShopServices.swift */ = {isa = PBXFileReference; lastKnownFileType = sourcecode.swift; path = ShopServices.swift; sourceTree = "<group>"; };
		231C5B6E224DCE5A00161534 /* PhotoItemController.swift */ = {isa = PBXFileReference; lastKnownFileType = sourcecode.swift; path = PhotoItemController.swift; sourceTree = "<group>"; };
		2320C6F12251C7C700A2C328 /* DetailPhotoController.swift */ = {isa = PBXFileReference; lastKnownFileType = sourcecode.swift; path = DetailPhotoController.swift; sourceTree = "<group>"; };
		2320C6F32251C8AD00A2C328 /* DetailPhotoCell.swift */ = {isa = PBXFileReference; lastKnownFileType = sourcecode.swift; path = DetailPhotoCell.swift; sourceTree = "<group>"; };
		2323C8B1223F5B8B00DA68CA /* ViewLocationShopController.swift */ = {isa = PBXFileReference; lastKnownFileType = sourcecode.swift; path = ViewLocationShopController.swift; sourceTree = "<group>"; };
		2323D6AB2269B4160005E104 /* MapCell.swift */ = {isa = PBXFileReference; lastKnownFileType = sourcecode.swift; path = MapCell.swift; sourceTree = "<group>"; };
		2323D6AC2269B4160005E104 /* MapCell.xib */ = {isa = PBXFileReference; lastKnownFileType = file.xib; path = MapCell.xib; sourceTree = "<group>"; };
		232900D1225C7124009D7DD1 /* CommentServices.swift */ = {isa = PBXFileReference; lastKnownFileType = sourcecode.swift; path = CommentServices.swift; sourceTree = "<group>"; };
		23351DC3222539BF003944E2 /* ExtensionButton.swift */ = {isa = PBXFileReference; lastKnownFileType = sourcecode.swift; path = ExtensionButton.swift; sourceTree = "<group>"; };
		233B390722375463003EB253 /* AuthServices.swift */ = {isa = PBXFileReference; lastKnownFileType = sourcecode.swift; path = AuthServices.swift; sourceTree = "<group>"; };
		233B390A223755FD003EB253 /* Constant.swift */ = {isa = PBXFileReference; lastKnownFileType = sourcecode.swift; path = Constant.swift; sourceTree = "<group>"; };
		233B390C22376476003EB253 /* StringLibrary.swift */ = {isa = PBXFileReference; lastKnownFileType = sourcecode.swift; path = StringLibrary.swift; sourceTree = "<group>"; };
		2347EEBA224E160400EC3A24 /* notritionVendorsAPP-Bridging-Header.h */ = {isa = PBXFileReference; lastKnownFileType = sourcecode.c.h; path = "notritionVendorsAPP-Bridging-Header.h"; sourceTree = "<group>"; };
		234B5CC522682AA900E7E61F /* ShopMarkerView.xib */ = {isa = PBXFileReference; lastKnownFileType = file.xib; path = ShopMarkerView.xib; sourceTree = "<group>"; };
		234B5CC722682B0B00E7E61F /* ShopMarkerView.swift */ = {isa = PBXFileReference; lastKnownFileType = sourcecode.swift; path = ShopMarkerView.swift; sourceTree = "<group>"; };
		234B5CC9226834B100E7E61F /* GoogleMap.storyboard */ = {isa = PBXFileReference; lastKnownFileType = file.storyboard; path = GoogleMap.storyboard; sourceTree = "<group>"; };
		2352404822632E7F004B11CF /* CategoryUITableCell.swift */ = {isa = PBXFileReference; lastKnownFileType = sourcecode.swift; path = CategoryUITableCell.swift; sourceTree = "<group>"; };
		2352404A22632E99004B11CF /* CategoryController.swift */ = {isa = PBXFileReference; lastKnownFileType = sourcecode.swift; path = CategoryController.swift; sourceTree = "<group>"; };
		2352404C22634E33004B11CF /* ActionCell.swift */ = {isa = PBXFileReference; lastKnownFileType = sourcecode.swift; path = ActionCell.swift; sourceTree = "<group>"; };
		2352404D22634E33004B11CF /* ActionCell.xib */ = {isa = PBXFileReference; lastKnownFileType = file.xib; path = ActionCell.xib; sourceTree = "<group>"; };
		2352405022635191004B11CF /* AddCommentBtnCell.swift */ = {isa = PBXFileReference; lastKnownFileType = sourcecode.swift; path = AddCommentBtnCell.swift; sourceTree = "<group>"; };
		2352405122635191004B11CF /* AddCommentBtnCell.xib */ = {isa = PBXFileReference; lastKnownFileType = file.xib; path = AddCommentBtnCell.xib; sourceTree = "<group>"; };
		2352405422635585004B11CF /* ItemInShop.storyboard */ = {isa = PBXFileReference; lastKnownFileType = file.storyboard; path = ItemInShop.storyboard; sourceTree = "<group>"; };
		2352405622635661004B11CF /* Delivery.storyboard */ = {isa = PBXFileReference; lastKnownFileType = file.storyboard; path = Delivery.storyboard; sourceTree = "<group>"; };
		235240592263577A004B11CF /* DeliveryController.swift */ = {isa = PBXFileReference; lastKnownFileType = sourcecode.swift; path = DeliveryController.swift; sourceTree = "<group>"; };
		2352405B226358A6004B11CF /* ItemInShopController.swift */ = {isa = PBXFileReference; lastKnownFileType = sourcecode.swift; path = ItemInShopController.swift; sourceTree = "<group>"; };
		2359CD69225750A200C5D892 /* NotificationConstant.swift */ = {isa = PBXFileReference; lastKnownFileType = sourcecode.swift; path = NotificationConstant.swift; sourceTree = "<group>"; };
		235A32AF2224E9F200DE5B0E /* SignupController.swift */ = {isa = PBXFileReference; lastKnownFileType = sourcecode.swift; path = SignupController.swift; sourceTree = "<group>"; };
		235A32B12224EA0C00DE5B0E /* HightRatingController.swift */ = {isa = PBXFileReference; lastKnownFileType = sourcecode.swift; path = HightRatingController.swift; sourceTree = "<group>"; };
		235A32B42224EAB400DE5B0E /* ExtensionTextField.swift */ = {isa = PBXFileReference; lastKnownFileType = sourcecode.swift; path = ExtensionTextField.swift; sourceTree = "<group>"; };
		235A32B62224EB6400DE5B0E /* ExtensionStackView.swift */ = {isa = PBXFileReference; lastKnownFileType = sourcecode.swift; path = ExtensionStackView.swift; sourceTree = "<group>"; };
		235A32BC2224F51500DE5B0E /* AccountDetailController.swift */ = {isa = PBXFileReference; lastKnownFileType = sourcecode.swift; path = AccountDetailController.swift; sourceTree = "<group>"; };
		235A32BE2225301E00DE5B0E /* ChangePasswordController.swift */ = {isa = PBXFileReference; lastKnownFileType = sourcecode.swift; path = ChangePasswordController.swift; sourceTree = "<group>"; };
		235A49EC2248BEF70034A944 /* CustomImageView.swift */ = {isa = PBXFileReference; lastKnownFileType = sourcecode.swift; path = CustomImageView.swift; sourceTree = "<group>"; };
		235AC4AE2265BDDF009A0CD0 /* SearchResponse.swift */ = {isa = PBXFileReference; lastKnownFileType = sourcecode.swift; path = SearchResponse.swift; sourceTree = "<group>"; };
		235B169C226C2EEC001A6BB6 /* SearchServices.swift */ = {isa = PBXFileReference; lastKnownFileType = sourcecode.swift; path = SearchServices.swift; sourceTree = "<group>"; };
		235B169E226C71F6001A6BB6 /* AccountCell.swift */ = {isa = PBXFileReference; lastKnownFileType = sourcecode.swift; path = AccountCell.swift; sourceTree = "<group>"; };
		235B16A2226C72AC001A6BB6 /* AccountController.swift */ = {isa = PBXFileReference; lastKnownFileType = sourcecode.swift; path = AccountController.swift; sourceTree = "<group>"; };
		235B6684226308D900BBFAFC /* DetailFood.storyboard */ = {isa = PBXFileReference; lastKnownFileType = file.storyboard; path = DetailFood.storyboard; sourceTree = "<group>"; };
		235B668622630BCA00BBFAFC /* AccountDetail.storyboard */ = {isa = PBXFileReference; lastKnownFileType = file.storyboard; path = AccountDetail.storyboard; sourceTree = "<group>"; };
		235C9A2C2249E0A600E01484 /* QuartzCore.framework */ = {isa = PBXFileReference; lastKnownFileType = wrapper.framework; name = QuartzCore.framework; path = System/Library/Frameworks/QuartzCore.framework; sourceTree = SDKROOT; };
		23614F0E2256020E00B5DD81 /* FavoritesResponse.swift */ = {isa = PBXFileReference; lastKnownFileType = sourcecode.swift; path = FavoritesResponse.swift; sourceTree = "<group>"; };
		23614F1022560F7E00B5DD81 /* FavoritesService.swift */ = {isa = PBXFileReference; lastKnownFileType = sourcecode.swift; path = FavoritesService.swift; sourceTree = "<group>"; };
		23695E9122277DC600AD7076 /* ExtensionUICollectionView.swift */ = {isa = PBXFileReference; lastKnownFileType = sourcecode.swift; path = ExtensionUICollectionView.swift; sourceTree = "<group>"; };
		23695E9322277F7200AD7076 /* ExtensionUIView.swift */ = {isa = PBXFileReference; lastKnownFileType = sourcecode.swift; path = ExtensionUIView.swift; sourceTree = "<group>"; };
		23695E9722278F3B00AD7076 /* ViewItemController.swift */ = {isa = PBXFileReference; lastKnownFileType = sourcecode.swift; path = ViewItemController.swift; sourceTree = "<group>"; };
		236A32B62258944500AA2410 /* FavoritesViewController.swift */ = {isa = PBXFileReference; lastKnownFileType = sourcecode.swift; path = FavoritesViewController.swift; sourceTree = "<group>"; };
		236A32B82258945F00AA2410 /* FavoritesCell.swift */ = {isa = PBXFileReference; lastKnownFileType = sourcecode.swift; path = FavoritesCell.swift; sourceTree = "<group>"; };
		236A32BA22589D6100AA2410 /* MBProgressHUD.m */ = {isa = PBXFileReference; fileEncoding = 4; lastKnownFileType = sourcecode.c.objc; path = MBProgressHUD.m; sourceTree = "<group>"; };
		236A32BB22589D6100AA2410 /* MBProgressHUD.h */ = {isa = PBXFileReference; fileEncoding = 4; lastKnownFileType = sourcecode.c.h; path = MBProgressHUD.h; sourceTree = "<group>"; };
		236A5A82225B455F005C27E8 /* HeaderCollectionCell.swift */ = {isa = PBXFileReference; lastKnownFileType = sourcecode.swift; path = HeaderCollectionCell.swift; sourceTree = "<group>"; };
		2373EB8E226D5E0B00D779F2 /* AccountLogedInCell.swift */ = {isa = PBXFileReference; lastKnownFileType = sourcecode.swift; path = AccountLogedInCell.swift; sourceTree = "<group>"; };
		2373EB8F226D5E0B00D779F2 /* AccountLogedInCell.xib */ = {isa = PBXFileReference; lastKnownFileType = file.xib; path = AccountLogedInCell.xib; sourceTree = "<group>"; };
		2376D98E224CDC4200DDFB19 /* PhotoItemCell.swift */ = {isa = PBXFileReference; lastKnownFileType = sourcecode.swift; path = PhotoItemCell.swift; sourceTree = "<group>"; };
		2378E12C2247385700837883 /* DocumentResponse.swift */ = {isa = PBXFileReference; lastKnownFileType = sourcecode.swift; path = DocumentResponse.swift; sourceTree = "<group>"; };
		237DABF22261E37F00FE57FB /* SearchController.swift */ = {isa = PBXFileReference; lastKnownFileType = sourcecode.swift; path = SearchController.swift; sourceTree = "<group>"; };
		237DABF42261E7B200FE57FB /* SearchCell.swift */ = {isa = PBXFileReference; lastKnownFileType = sourcecode.swift; path = SearchCell.swift; sourceTree = "<group>"; };
		237DABF62262049C00FE57FB /* Search.storyboard */ = {isa = PBXFileReference; lastKnownFileType = file.storyboard; path = Search.storyboard; sourceTree = "<group>"; };
		2381B643225AFDE0004DAA64 /* CategoryResponse.swift */ = {isa = PBXFileReference; lastKnownFileType = sourcecode.swift; path = CategoryResponse.swift; sourceTree = "<group>"; };
		2381B645225B0185004DAA64 /* CategoryServices.swift */ = {isa = PBXFileReference; lastKnownFileType = sourcecode.swift; path = CategoryServices.swift; sourceTree = "<group>"; };
		2381B647225B064F004DAA64 /* CategoryCell.swift */ = {isa = PBXFileReference; lastKnownFileType = sourcecode.swift; path = CategoryCell.swift; sourceTree = "<group>"; };
		2381B648225B064F004DAA64 /* CategoryCell.xib */ = {isa = PBXFileReference; lastKnownFileType = file.xib; path = CategoryCell.xib; sourceTree = "<group>"; };
		23A31BB4224088FD00FE2D69 /* ShopItemResponse.swift */ = {isa = PBXFileReference; lastKnownFileType = sourcecode.swift; path = ShopItemResponse.swift; sourceTree = "<group>"; };
		23A31BB6224093F700FE2D69 /* ShopItemService.swift */ = {isa = PBXFileReference; lastKnownFileType = sourcecode.swift; path = ShopItemService.swift; sourceTree = "<group>"; };
		23A31BB92240948F00FE2D69 /* NetworkingClient.swift */ = {isa = PBXFileReference; lastKnownFileType = sourcecode.swift; path = NetworkingClient.swift; sourceTree = "<group>"; };
		23B6023E222E767E00FBBD79 /* ExtensionUIImage.swift */ = {isa = PBXFileReference; fileEncoding = 4; lastKnownFileType = sourcecode.swift; path = ExtensionUIImage.swift; sourceTree = "<group>"; };
		23B7653D22642F4300DC76F7 /* NewCommentController.swift */ = {isa = PBXFileReference; lastKnownFileType = sourcecode.swift; path = NewCommentController.swift; sourceTree = "<group>"; };
		23B765412264A27400DC76F7 /* ItemInShopCell.swift */ = {isa = PBXFileReference; lastKnownFileType = sourcecode.swift; path = ItemInShopCell.swift; sourceTree = "<group>"; };
		23D02E5D2223799300882742 /* notritionVendorsAPP.app */ = {isa = PBXFileReference; explicitFileType = wrapper.application; includeInIndex = 0; path = notritionVendorsAPP.app; sourceTree = BUILT_PRODUCTS_DIR; };
		23D02E602223799300882742 /* AppDelegate.swift */ = {isa = PBXFileReference; lastKnownFileType = sourcecode.swift; path = AppDelegate.swift; sourceTree = "<group>"; };
		23D02E622223799300882742 /* LoginController.swift */ = {isa = PBXFileReference; lastKnownFileType = sourcecode.swift; path = LoginController.swift; sourceTree = "<group>"; };
		23D02E652223799300882742 /* Base */ = {isa = PBXFileReference; lastKnownFileType = file.storyboard; name = Base; path = Base.lproj/Main.storyboard; sourceTree = "<group>"; };
		23D02E672223799400882742 /* Assets.xcassets */ = {isa = PBXFileReference; lastKnownFileType = folder.assetcatalog; path = Assets.xcassets; sourceTree = "<group>"; };
		23D02E6A2223799400882742 /* Base */ = {isa = PBXFileReference; lastKnownFileType = file.storyboard; name = Base; path = Base.lproj/LaunchScreen.storyboard; sourceTree = "<group>"; };
		23D02E6C2223799400882742 /* Info.plist */ = {isa = PBXFileReference; lastKnownFileType = text.plist.xml; path = Info.plist; sourceTree = "<group>"; };
		23D5080822423637005FB1AC /* LocationResponse.swift */ = {isa = PBXFileReference; lastKnownFileType = sourcecode.swift; path = LocationResponse.swift; sourceTree = "<group>"; };
		23D5080A224236D4005FB1AC /* ShopResponse.swift */ = {isa = PBXFileReference; lastKnownFileType = sourcecode.swift; path = ShopResponse.swift; sourceTree = "<group>"; };
		23E6FD74224B5479001C72B2 /* ExtentionDouble.swift */ = {isa = PBXFileReference; lastKnownFileType = sourcecode.swift; path = ExtentionDouble.swift; sourceTree = "<group>"; };
		23EAA4442246621100A30E98 /* CommentResponse.swift */ = {isa = PBXFileReference; lastKnownFileType = sourcecode.swift; path = CommentResponse.swift; sourceTree = "<group>"; };
		23EAA4462246638300A30E98 /* UserResponse.swift */ = {isa = PBXFileReference; lastKnownFileType = sourcecode.swift; path = UserResponse.swift; sourceTree = "<group>"; };
		2517CE55DA2DAF805F435575 /* Pods-notritionVendorsAPP.debug.xcconfig */ = {isa = PBXFileReference; includeInIndex = 1; lastKnownFileType = text.xcconfig; name = "Pods-notritionVendorsAPP.debug.xcconfig"; path = "Pods/Target Support Files/Pods-notritionVendorsAPP/Pods-notritionVendorsAPP.debug.xcconfig"; sourceTree = "<group>"; };
		A8D3C78C5C198D1296EA2D52 /* Pods-notritionVendorsAPP.release.xcconfig */ = {isa = PBXFileReference; includeInIndex = 1; lastKnownFileType = text.xcconfig; name = "Pods-notritionVendorsAPP.release.xcconfig"; path = "Pods/Target Support Files/Pods-notritionVendorsAPP/Pods-notritionVendorsAPP.release.xcconfig"; sourceTree = "<group>"; };
		C5B772CE597B45A98D426415 /* Pods_notritionVendorsAPP.framework */ = {isa = PBXFileReference; explicitFileType = wrapper.framework; includeInIndex = 0; path = Pods_notritionVendorsAPP.framework; sourceTree = BUILT_PRODUCTS_DIR; };
/* End PBXFileReference section */

/* Begin PBXFrameworksBuildPhase section */
		23D02E5A2223799300882742 /* Frameworks */ = {
			isa = PBXFrameworksBuildPhase;
			buildActionMask = 2147483647;
			files = (
				235C9A2D2249E0A600E01484 /* QuartzCore.framework in Frameworks */,
				C1E9E7CB534923D4BFC15F1F /* Pods_notritionVendorsAPP.framework in Frameworks */,
			);
			runOnlyForDeploymentPostprocessing = 0;
		};
/* End PBXFrameworksBuildPhase section */

/* Begin PBXGroup section */
		2300BE6D222D30CD008E9101 /* hightRating */ = {
			isa = PBXGroup;
			children = (
				2300BE73222D312E008E9101 /* view */,
				2300BE72222D3125008E9101 /* controller */,
			);
			path = hightRating;
			sourceTree = "<group>";
		};
		2300BE6E222D30DB008E9101 /* login */ = {
			isa = PBXGroup;
			children = (
				23D02E622223799300882742 /* LoginController.swift */,
			);
			path = login;
			sourceTree = "<group>";
		};
		2300BE6F222D30E3008E9101 /* signup */ = {
			isa = PBXGroup;
			children = (
				235A32AF2224E9F200DE5B0E /* SignupController.swift */,
			);
			path = signup;
			sourceTree = "<group>";
		};
		2300BE70222D30F1008E9101 /* account */ = {
			isa = PBXGroup;
			children = (
				235A32BE2225301E00DE5B0E /* ChangePasswordController.swift */,
				235A32BC2224F51500DE5B0E /* AccountDetailController.swift */,
				235B169E226C71F6001A6BB6 /* AccountCell.swift */,
				235B16A2226C72AC001A6BB6 /* AccountController.swift */,
				2373EB8E226D5E0B00D779F2 /* AccountLogedInCell.swift */,
				2373EB8F226D5E0B00D779F2 /* AccountLogedInCell.xib */,
			);
			path = account;
			sourceTree = "<group>";
		};
		2300BE72222D3125008E9101 /* controller */ = {
			isa = PBXGroup;
			children = (
				235A32B12224EA0C00DE5B0E /* HightRatingController.swift */,
			);
			path = controller;
			sourceTree = "<group>";
		};
		2300BE73222D312E008E9101 /* view */ = {
			isa = PBXGroup;
			children = (
				230E2DEB22267DCA00246392 /* CollectionItemCell.swift */,
				2381B647225B064F004DAA64 /* CategoryCell.swift */,
				2381B648225B064F004DAA64 /* CategoryCell.xib */,
				236A5A82225B455F005C27E8 /* HeaderCollectionCell.swift */,
			);
			path = view;
			sourceTree = "<group>";
		};
		231ABDA62266DA93006D6B01 /* map */ = {
			isa = PBXGroup;
			children = (
				231ABDA82266DAB6006D6B01 /* controller */,
				231ABDA72266DAAF006D6B01 /* view */,
			);
			path = map;
			sourceTree = "<group>";
		};
		231ABDA72266DAAF006D6B01 /* view */ = {
			isa = PBXGroup;
			children = (
				231ABDA92266DAE0006D6B01 /* NibDesignable.swift */,
				234B5CC522682AA900E7E61F /* ShopMarkerView.xib */,
				234B5CC722682B0B00E7E61F /* ShopMarkerView.swift */,
			);
			path = view;
			sourceTree = "<group>";
		};
		231ABDA82266DAB6006D6B01 /* controller */ = {
			isa = PBXGroup;
			children = (
				2323C8B1223F5B8B00DA68CA /* ViewLocationShopController.swift */,
			);
			path = controller;
			sourceTree = "<group>";
		};
		231ABDB52266DDDB006D6B01 /* Protocol */ = {
			isa = PBXGroup;
			children = (
				231ABDB62266DE0C006D6B01 /* LocationServicesProtocol.swift */,
			);
			path = Protocol;
			sourceTree = "<group>";
		};
		231ABDB82266DF2C006D6B01 /* MapService */ = {
			isa = PBXGroup;
			children = (
				231ABDC02266E18B006D6B01 /* Responses */,
				231ABDBF2266E17C006D6B01 /* Requests */,
				231ABDB92266DF4D006D6B01 /* MapManager.swift */,
				231ABDBB2266E13B006D6B01 /* MapRouter.swift */,
				231ABDBD2266E16B006D6B01 /* MapTaskManager.swift */,
			);
			path = MapService;
			sourceTree = "<group>";
		};
		231ABDBF2266E17C006D6B01 /* Requests */ = {
			isa = PBXGroup;
			children = (
				231ABDC12266E1B0006D6B01 /* mapRequestBodyDirections.swift */,
			);
			path = Requests;
			sourceTree = "<group>";
		};
		231ABDC02266E18B006D6B01 /* Responses */ = {
			isa = PBXGroup;
			children = (
				231ABDC32266E1D4006D6B01 /* MapResponseDirections.swift */,
			);
			path = Responses;
			sourceTree = "<group>";
		};
		231AE463222E2A340082C06E /* ExtensionUI */ = {
			isa = PBXGroup;
			children = (
				23B6023E222E767E00FBBD79 /* ExtensionUIImage.swift */,
				235A32B42224EAB400DE5B0E /* ExtensionTextField.swift */,
				235A32B62224EB6400DE5B0E /* ExtensionStackView.swift */,
				23351DC3222539BF003944E2 /* ExtensionButton.swift */,
				23695E9122277DC600AD7076 /* ExtensionUICollectionView.swift */,
				23695E9322277F7200AD7076 /* ExtensionUIView.swift */,
				231AE461222E2A030082C06E /* ExtensionUIlabel.swift */,
				235A49EC2248BEF70034A944 /* CustomImageView.swift */,
			);
			path = ExtensionUI;
			sourceTree = "<group>";
		};
		231AE464222E2A570082C06E /* DataLibrary */ = {
			isa = PBXGroup;
			children = (
				231AE45F222E28860082C06E /* DateTimeLibrary.swift */,
				231AE467222E2EDF0082C06E /* GeneralValueItem.swift */,
				233B390C22376476003EB253 /* StringLibrary.swift */,
				23E6FD74224B5479001C72B2 /* ExtentionDouble.swift */,
			);
			path = DataLibrary;
			sourceTree = "<group>";
		};
		231AF5CA225F2B8C0057DD11 /* shop */ = {
			isa = PBXGroup;
			children = (
				231AF5CB225F2BE50057DD11 /* ShopController.swift */,
				231AF5CD225F45850057DD11 /* ShopCell.swift */,
				2352405B226358A6004B11CF /* ItemInShopController.swift */,
				23B765412264A27400DC76F7 /* ItemInShopCell.swift */,
			);
			path = shop;
			sourceTree = "<group>";
		};
		233B39062237544E003EB253 /* Services */ = {
			isa = PBXGroup;
			children = (
				231ABDB82266DF2C006D6B01 /* MapService */,
				23D8DF232240A93B004E9FAF /* ClientService */,
				23A31BB82240941E00FE2D69 /* CommonRequest */,
			);
			path = Services;
			sourceTree = "<group>";
		};
		233B3909223755EA003EB253 /* Uitilities */ = {
			isa = PBXGroup;
			children = (
				233B390A223755FD003EB253 /* Constant.swift */,
				2359CD69225750A200C5D892 /* NotificationConstant.swift */,
			);
			path = Uitilities;
			sourceTree = "<group>";
		};
		2352404722632E08004B11CF /* category */ = {
			isa = PBXGroup;
			children = (
				2352404822632E7F004B11CF /* CategoryUITableCell.swift */,
				2352404A22632E99004B11CF /* CategoryController.swift */,
			);
			path = category;
			sourceTree = "<group>";
		};
		2352405822635749004B11CF /* delivery */ = {
			isa = PBXGroup;
			children = (
				235240592263577A004B11CF /* DeliveryController.swift */,
			);
			path = delivery;
			sourceTree = "<group>";
		};
		235A32B32224EA7800DE5B0E /* Libraries */ = {
			isa = PBXGroup;
			children = (
				233B3909223755EA003EB253 /* Uitilities */,
				231AE464222E2A570082C06E /* DataLibrary */,
				231AE463222E2A340082C06E /* ExtensionUI */,
			);
			path = Libraries;
			sourceTree = "<group>";
		};
		235B6688226312B800BBFAFC /* detail food */ = {
			isa = PBXGroup;
			children = (
				235B668A226312E200BBFAFC /* view */,
				235B6689226312DA00BBFAFC /* controller */,
			);
			path = "detail food";
			sourceTree = "<group>";
		};
		235B6689226312DA00BBFAFC /* controller */ = {
			isa = PBXGroup;
			children = (
				23695E9722278F3B00AD7076 /* ViewItemController.swift */,
				231C5B6E224DCE5A00161534 /* PhotoItemController.swift */,
				2320C6F12251C7C700A2C328 /* DetailPhotoController.swift */,
				23B7653D22642F4300DC76F7 /* NewCommentController.swift */,
			);
			path = controller;
			sourceTree = "<group>";
		};
		235B668A226312E200BBFAFC /* view */ = {
			isa = PBXGroup;
			children = (
				2376D98E224CDC4200DDFB19 /* PhotoItemCell.swift */,
				2320C6F32251C8AD00A2C328 /* DetailPhotoCell.swift */,
				2300BE6A222D30B7008E9101 /* GeneralInforItemCell.xib */,
				2300BE69222D30B7008E9101 /* GeneralInforItemCell.swift */,
				2300BE76222D34B2008E9101 /* GeneralValueCell.swift */,
				2300BE77222D34B2008E9101 /* GeneralValueCell.xib */,
				2300BE7A222D3658008E9101 /* ViewCommentCell.swift */,
				2300BE7B222D3658008E9101 /* ViewCommentCell.xib */,
				2352404C22634E33004B11CF /* ActionCell.swift */,
				2352404D22634E33004B11CF /* ActionCell.xib */,
				2352405022635191004B11CF /* AddCommentBtnCell.swift */,
				2352405122635191004B11CF /* AddCommentBtnCell.xib */,
				2323D6AB2269B4160005E104 /* MapCell.swift */,
				2323D6AC2269B4160005E104 /* MapCell.xib */,
			);
			path = view;
			sourceTree = "<group>";
		};
		236A32B52258942500AA2410 /* favorites */ = {
			isa = PBXGroup;
			children = (
				236A32B62258944500AA2410 /* FavoritesViewController.swift */,
				236A32B82258945F00AA2410 /* FavoritesCell.swift */,
			);
			path = favorites;
			sourceTree = "<group>";
		};
		237DABF12261E35C00FE57FB /* search */ = {
			isa = PBXGroup;
			children = (
				237DABF22261E37F00FE57FB /* SearchController.swift */,
				237DABF42261E7B200FE57FB /* SearchCell.swift */,
			);
			path = search;
			sourceTree = "<group>";
		};
		23A31BB2224088BD00FE2D69 /* BeanEntity */ = {
			isa = PBXGroup;
			children = (
				230E2DE922266DDE00246392 /* Favorites.swift */,
				230E2DD722265A4700246392 /* User.swift */,
				230E2DD92226650700246392 /* Comment.swift */,
				230E2DDB222666F300246392 /* City.swift */,
				230E2DDD2226674200246392 /* Area.swift */,
				230E2DDF222667EE00246392 /* Location.swift */,
				230E2DE1222668C000246392 /* Item.swift */,
				230E2DE3222669F000246392 /* Document.swift */,
				230E2DE522266AEF00246392 /* ShopItem.swift */,
				230E2DE722266BFE00246392 /* Shop.swift */,
			);
			path = BeanEntity;
			sourceTree = "<group>";
		};
		23A31BB3224088DA00FE2D69 /* ResponseEntity */ = {
			isa = PBXGroup;
			children = (
				2381B643225AFDE0004DAA64 /* CategoryResponse.swift */,
				23A31BB4224088FD00FE2D69 /* ShopItemResponse.swift */,
				23D5080822423637005FB1AC /* LocationResponse.swift */,
				23D5080A224236D4005FB1AC /* ShopResponse.swift */,
				23EAA4442246621100A30E98 /* CommentResponse.swift */,
				23EAA4462246638300A30E98 /* UserResponse.swift */,
				2378E12C2247385700837883 /* DocumentResponse.swift */,
				23614F0E2256020E00B5DD81 /* FavoritesResponse.swift */,
				235AC4AE2265BDDF009A0CD0 /* SearchResponse.swift */,
			);
			path = ResponseEntity;
			sourceTree = "<group>";
		};
		23A31BB82240941E00FE2D69 /* CommonRequest */ = {
			isa = PBXGroup;
			children = (
				23A31BB92240948F00FE2D69 /* NetworkingClient.swift */,
			);
			path = CommonRequest;
			sourceTree = "<group>";
		};
		23D02E542223799300882742 = {
			isa = PBXGroup;
			children = (
				23D02E5F2223799300882742 /* notritionVendorsAPP */,
				23D02E5E2223799300882742 /* Products */,
				F9481C0B62C5D8AAFAF3E6A6 /* Pods */,
				D6D88E404BF4B5919EE2F7E1 /* Frameworks */,
			);
			sourceTree = "<group>";
		};
		23D02E5E2223799300882742 /* Products */ = {
			isa = PBXGroup;
			children = (
				23D02E5D2223799300882742 /* notritionVendorsAPP.app */,
			);
			name = Products;
			sourceTree = "<group>";
		};
		23D02E5F2223799300882742 /* notritionVendorsAPP */ = {
			isa = PBXGroup;
			children = (
				231ABDB52266DDDB006D6B01 /* Protocol */,
				233B39062237544E003EB253 /* Services */,
				235A32B32224EA7800DE5B0E /* Libraries */,
				23D02E7622237AC100882742 /* Resource */,
				23D02E7522237AB600882742 /* Model */,
				23D02E7422237A7900882742 /* Controller */,
				23D02E7322237A7300882742 /* View */,
				23D02E6C2223799400882742 /* Info.plist */,
				236A32BB22589D6100AA2410 /* MBProgressHUD.h */,
				236A32BA22589D6100AA2410 /* MBProgressHUD.m */,
				2347EEBA224E160400EC3A24 /* notritionVendorsAPP-Bridging-Header.h */,
			);
			path = notritionVendorsAPP;
			sourceTree = "<group>";
		};
		23D02E7322237A7300882742 /* View */ = {
			isa = PBXGroup;
			children = (
				23D02E692223799400882742 /* LaunchScreen.storyboard */,
				23D02E642223799300882742 /* Main.storyboard */,
				230E2DD12226431D00246392 /* LogInAndLogOut.storyboard */,
				237DABF62262049C00FE57FB /* Search.storyboard */,
				235B6684226308D900BBFAFC /* DetailFood.storyboard */,
				235B668622630BCA00BBFAFC /* AccountDetail.storyboard */,
				2352405422635585004B11CF /* ItemInShop.storyboard */,
				2352405622635661004B11CF /* Delivery.storyboard */,
				234B5CC9226834B100E7E61F /* GoogleMap.storyboard */,
			);
			path = View;
			sourceTree = "<group>";
		};
		23D02E7422237A7900882742 /* Controller */ = {
			isa = PBXGroup;
			children = (
				231ABDA62266DA93006D6B01 /* map */,
				2352405822635749004B11CF /* delivery */,
				2352404722632E08004B11CF /* category */,
				235B6688226312B800BBFAFC /* detail food */,
				237DABF12261E35C00FE57FB /* search */,
				231AF5CA225F2B8C0057DD11 /* shop */,
				236A32B52258942500AA2410 /* favorites */,
				2300BE70222D30F1008E9101 /* account */,
				2300BE6F222D30E3008E9101 /* signup */,
				2300BE6E222D30DB008E9101 /* login */,
				2300BE6D222D30CD008E9101 /* hightRating */,
				23D02E602223799300882742 /* AppDelegate.swift */,
			);
			path = Controller;
			sourceTree = "<group>";
		};
		23D02E7522237AB600882742 /* Model */ = {
			isa = PBXGroup;
			children = (
				23A31BB3224088DA00FE2D69 /* ResponseEntity */,
				23A31BB2224088BD00FE2D69 /* BeanEntity */,
			);
			path = Model;
			sourceTree = "<group>";
		};
		23D02E7622237AC100882742 /* Resource */ = {
			isa = PBXGroup;
			children = (
				23D02E672223799400882742 /* Assets.xcassets */,
			);
			path = Resource;
			sourceTree = "<group>";
		};
		23D8DF232240A93B004E9FAF /* ClientService */ = {
			isa = PBXGroup;
			children = (
				233B390722375463003EB253 /* AuthServices.swift */,
				23A31BB6224093F700FE2D69 /* ShopItemService.swift */,
				23614F1022560F7E00B5DD81 /* FavoritesService.swift */,
				2381B645225B0185004DAA64 /* CategoryServices.swift */,
				232900D1225C7124009D7DD1 /* CommentServices.swift */,
				231AF5CF225F4EA10057DD11 /* ShopServices.swift */,
				235B169C226C2EEC001A6BB6 /* SearchServices.swift */,
			);
			path = ClientService;
			sourceTree = "<group>";
		};
		D6D88E404BF4B5919EE2F7E1 /* Frameworks */ = {
			isa = PBXGroup;
			children = (
				235C9A2C2249E0A600E01484 /* QuartzCore.framework */,
				C5B772CE597B45A98D426415 /* Pods_notritionVendorsAPP.framework */,
			);
			name = Frameworks;
			sourceTree = "<group>";
		};
		F9481C0B62C5D8AAFAF3E6A6 /* Pods */ = {
			isa = PBXGroup;
			children = (
				2517CE55DA2DAF805F435575 /* Pods-notritionVendorsAPP.debug.xcconfig */,
				A8D3C78C5C198D1296EA2D52 /* Pods-notritionVendorsAPP.release.xcconfig */,
			);
			name = Pods;
			sourceTree = "<group>";
		};
/* End PBXGroup section */

/* Begin PBXNativeTarget section */
		23D02E5C2223799300882742 /* notritionVendorsAPP */ = {
			isa = PBXNativeTarget;
			buildConfigurationList = 23D02E6F2223799400882742 /* Build configuration list for PBXNativeTarget "notritionVendorsAPP" */;
			buildPhases = (
				A6036B480BE0CFA8F0890925 /* [CP] Check Pods Manifest.lock */,
				23D02E592223799300882742 /* Sources */,
				23D02E5A2223799300882742 /* Frameworks */,
				23D02E5B2223799300882742 /* Resources */,
				99EEED543E13671020EFF769 /* [CP] Embed Pods Frameworks */,
				A7B6DDD7C4C778536BBFE8D0 /* [CP] Copy Pods Resources */,
			);
			buildRules = (
			);
			dependencies = (
			);
			name = notritionVendorsAPP;
			productName = notritionVendorsAPP;
			productReference = 23D02E5D2223799300882742 /* notritionVendorsAPP.app */;
			productType = "com.apple.product-type.application";
		};
/* End PBXNativeTarget section */

/* Begin PBXProject section */
		23D02E552223799300882742 /* Project object */ = {
			isa = PBXProject;
			attributes = {
				LastSwiftUpdateCheck = 1010;
				LastUpgradeCheck = 1010;
				ORGANIZATIONNAME = "Tu (Callie) T. NGUYEN";
				TargetAttributes = {
					23D02E5C2223799300882742 = {
						CreatedOnToolsVersion = 10.1;
						LastSwiftMigration = 1010;
					};
				};
			};
			buildConfigurationList = 23D02E582223799300882742 /* Build configuration list for PBXProject "notritionVendorsAPP" */;
			compatibilityVersion = "Xcode 9.3";
			developmentRegion = en;
			hasScannedForEncodings = 0;
			knownRegions = (
				en,
				Base,
			);
			mainGroup = 23D02E542223799300882742;
			productRefGroup = 23D02E5E2223799300882742 /* Products */;
			projectDirPath = "";
			projectRoot = "";
			targets = (
				23D02E5C2223799300882742 /* notritionVendorsAPP */,
			);
		};
/* End PBXProject section */

/* Begin PBXResourcesBuildPhase section */
		23D02E5B2223799300882742 /* Resources */ = {
			isa = PBXResourcesBuildPhase;
			buildActionMask = 2147483647;
			files = (
				2352405322635191004B11CF /* AddCommentBtnCell.xib in Resources */,
				23D02E6B2223799400882742 /* LaunchScreen.storyboard in Resources */,
				2300BE7D222D3658008E9101 /* ViewCommentCell.xib in Resources */,
				23D02E682223799400882742 /* Assets.xcassets in Resources */,
				2373EB91226D5E0B00D779F2 /* AccountLogedInCell.xib in Resources */,
				237DABF72262049C00FE57FB /* Search.storyboard in Resources */,
				230E2DD22226431D00246392 /* LogInAndLogOut.storyboard in Resources */,
				2300BE6C222D30B7008E9101 /* GeneralInforItemCell.xib in Resources */,
				2352404F22634E33004B11CF /* ActionCell.xib in Resources */,
				2323D6AE2269B4160005E104 /* MapCell.xib in Resources */,
				2352405522635585004B11CF /* ItemInShop.storyboard in Resources */,
				23D02E662223799300882742 /* Main.storyboard in Resources */,
				234B5CC622682AA900E7E61F /* ShopMarkerView.xib in Resources */,
				2381B64A225B064F004DAA64 /* CategoryCell.xib in Resources */,
				235B6685226308D900BBFAFC /* DetailFood.storyboard in Resources */,
				234B5CCA226834B100E7E61F /* GoogleMap.storyboard in Resources */,
				235B668722630BCA00BBFAFC /* AccountDetail.storyboard in Resources */,
				2352405722635661004B11CF /* Delivery.storyboard in Resources */,
				2300BE79222D34B2008E9101 /* GeneralValueCell.xib in Resources */,
			);
			runOnlyForDeploymentPostprocessing = 0;
		};
/* End PBXResourcesBuildPhase section */

/* Begin PBXShellScriptBuildPhase section */
		99EEED543E13671020EFF769 /* [CP] Embed Pods Frameworks */ = {
			isa = PBXShellScriptBuildPhase;
			buildActionMask = 2147483647;
			files = (
			);
			inputPaths = (
				"${SRCROOT}/Pods/Target Support Files/Pods-notritionVendorsAPP/Pods-notritionVendorsAPP-frameworks.sh",
				"${BUILT_PRODUCTS_DIR}/Alamofire/Alamofire.framework",
				"${BUILT_PRODUCTS_DIR}/AlamofireImage/AlamofireImage.framework",
				"${BUILT_PRODUCTS_DIR}/CCBottomRefreshControl/CCBottomRefreshControl.framework",
				"${BUILT_PRODUCTS_DIR}/Cosmos/Cosmos.framework",
				"${BUILT_PRODUCTS_DIR}/ESPullToRefresh/ESPullToRefresh.framework",
				"${BUILT_PRODUCTS_DIR}/IQKeyboardManagerSwift/IQKeyboardManagerSwift.framework",
				"${BUILT_PRODUCTS_DIR}/ObjectMapper/ObjectMapper.framework",
				"${BUILT_PRODUCTS_DIR}/PinterestLayout/PinterestLayout.framework",
				"${BUILT_PRODUCTS_DIR}/Socket.IO-Client-Swift/SocketIO.framework",
				"${BUILT_PRODUCTS_DIR}/Starscream/Starscream.framework",
				"${BUILT_PRODUCTS_DIR}/SwiftyJSON/SwiftyJSON.framework",
				"${BUILT_PRODUCTS_DIR}/TinyConstraints/TinyConstraints.framework",
			);
			name = "[CP] Embed Pods Frameworks";
			outputPaths = (
				"${TARGET_BUILD_DIR}/${FRAMEWORKS_FOLDER_PATH}/Alamofire.framework",
				"${TARGET_BUILD_DIR}/${FRAMEWORKS_FOLDER_PATH}/AlamofireImage.framework",
				"${TARGET_BUILD_DIR}/${FRAMEWORKS_FOLDER_PATH}/CCBottomRefreshControl.framework",
				"${TARGET_BUILD_DIR}/${FRAMEWORKS_FOLDER_PATH}/Cosmos.framework",
				"${TARGET_BUILD_DIR}/${FRAMEWORKS_FOLDER_PATH}/ESPullToRefresh.framework",
				"${TARGET_BUILD_DIR}/${FRAMEWORKS_FOLDER_PATH}/IQKeyboardManagerSwift.framework",
				"${TARGET_BUILD_DIR}/${FRAMEWORKS_FOLDER_PATH}/ObjectMapper.framework",
				"${TARGET_BUILD_DIR}/${FRAMEWORKS_FOLDER_PATH}/PinterestLayout.framework",
				"${TARGET_BUILD_DIR}/${FRAMEWORKS_FOLDER_PATH}/SocketIO.framework",
				"${TARGET_BUILD_DIR}/${FRAMEWORKS_FOLDER_PATH}/Starscream.framework",
				"${TARGET_BUILD_DIR}/${FRAMEWORKS_FOLDER_PATH}/SwiftyJSON.framework",
				"${TARGET_BUILD_DIR}/${FRAMEWORKS_FOLDER_PATH}/TinyConstraints.framework",
			);
			runOnlyForDeploymentPostprocessing = 0;
			shellPath = /bin/sh;
			shellScript = "\"${SRCROOT}/Pods/Target Support Files/Pods-notritionVendorsAPP/Pods-notritionVendorsAPP-frameworks.sh\"\n";
			showEnvVarsInLog = 0;
		};
		A6036B480BE0CFA8F0890925 /* [CP] Check Pods Manifest.lock */ = {
			isa = PBXShellScriptBuildPhase;
			buildActionMask = 2147483647;
			files = (
			);
			inputPaths = (
				"${PODS_PODFILE_DIR_PATH}/Podfile.lock",
				"${PODS_ROOT}/Manifest.lock",
			);
			name = "[CP] Check Pods Manifest.lock";
			outputPaths = (
				"$(DERIVED_FILE_DIR)/Pods-notritionVendorsAPP-checkManifestLockResult.txt",
			);
			runOnlyForDeploymentPostprocessing = 0;
			shellPath = /bin/sh;
			shellScript = "diff \"${PODS_PODFILE_DIR_PATH}/Podfile.lock\" \"${PODS_ROOT}/Manifest.lock\" > /dev/null\nif [ $? != 0 ] ; then\n    # print error to STDERR\n    echo \"error: The sandbox is not in sync with the Podfile.lock. Run 'pod install' or update your CocoaPods installation.\" >&2\n    exit 1\nfi\n# This output is used by Xcode 'outputs' to avoid re-running this script phase.\necho \"SUCCESS\" > \"${SCRIPT_OUTPUT_FILE_0}\"\n";
			showEnvVarsInLog = 0;
		};
		A7B6DDD7C4C778536BBFE8D0 /* [CP] Copy Pods Resources */ = {
			isa = PBXShellScriptBuildPhase;
			buildActionMask = 2147483647;
			files = (
			);
			inputPaths = (
				"${SRCROOT}/Pods/Target Support Files/Pods-notritionVendorsAPP/Pods-notritionVendorsAPP-resources.sh",
				"${PODS_ROOT}/GoogleMaps/Maps/Frameworks/GoogleMaps.framework/Resources/GoogleMaps.bundle",
				"${PODS_ROOT}/GooglePlaces/Frameworks/GooglePlaces.framework/Resources/GooglePlaces.bundle",
			);
			name = "[CP] Copy Pods Resources";
			outputPaths = (
				"${TARGET_BUILD_DIR}/${UNLOCALIZED_RESOURCES_FOLDER_PATH}/GoogleMaps.bundle",
				"${TARGET_BUILD_DIR}/${UNLOCALIZED_RESOURCES_FOLDER_PATH}/GooglePlaces.bundle",
			);
			runOnlyForDeploymentPostprocessing = 0;
			shellPath = /bin/sh;
			shellScript = "\"${SRCROOT}/Pods/Target Support Files/Pods-notritionVendorsAPP/Pods-notritionVendorsAPP-resources.sh\"\n";
			showEnvVarsInLog = 0;
		};
/* End PBXShellScriptBuildPhase section */

/* Begin PBXSourcesBuildPhase section */
		23D02E592223799300882742 /* Sources */ = {
			isa = PBXSourcesBuildPhase;
			buildActionMask = 2147483647;
			files = (
				235AC4AF2265BDDF009A0CD0 /* SearchResponse.swift in Sources */,
				231ABDAA2266DAE0006D6B01 /* NibDesignable.swift in Sources */,
				231ABDC22266E1B0006D6B01 /* mapRequestBodyDirections.swift in Sources */,
				2323C8B2223F5B8B00DA68CA /* ViewLocationShopController.swift in Sources */,
				230E2DD822265A4700246392 /* User.swift in Sources */,
				235B169F226C71F6001A6BB6 /* AccountCell.swift in Sources */,
				23B6023F222E767E00FBBD79 /* ExtensionUIImage.swift in Sources */,
				231ABDBE2266E16B006D6B01 /* MapTaskManager.swift in Sources */,
				2320C6F42251C8AD00A2C328 /* DetailPhotoCell.swift in Sources */,
				2300BE6B222D30B7008E9101 /* GeneralInforItemCell.swift in Sources */,
				2352405C226358A6004B11CF /* ItemInShopController.swift in Sources */,
				231AE468222E2EDF0082C06E /* GeneralValueItem.swift in Sources */,
				23A31BBA2240948F00FE2D69 /* NetworkingClient.swift in Sources */,
				233B390B223755FD003EB253 /* Constant.swift in Sources */,
				232900D2225C7124009D7DD1 /* CommentServices.swift in Sources */,
				235A32BF2225301E00DE5B0E /* ChangePasswordController.swift in Sources */,
				234B5CC822682B0B00E7E61F /* ShopMarkerView.swift in Sources */,
				2352405222635191004B11CF /* AddCommentBtnCell.swift in Sources */,
				235B169D226C2EEC001A6BB6 /* SearchServices.swift in Sources */,
				230E2DE622266AEF00246392 /* ShopItem.swift in Sources */,
				236A32B72258944500AA2410 /* FavoritesViewController.swift in Sources */,
				235B16A3226C72AC001A6BB6 /* AccountController.swift in Sources */,
				235A32B02224E9F200DE5B0E /* SignupController.swift in Sources */,
				2352405A2263577A004B11CF /* DeliveryController.swift in Sources */,
				2373EB90226D5E0B00D779F2 /* AccountLogedInCell.swift in Sources */,
				23695E9222277DC600AD7076 /* ExtensionUICollectionView.swift in Sources */,
				23A31BB7224093F800FE2D69 /* ShopItemService.swift in Sources */,
				231AE460222E28860082C06E /* DateTimeLibrary.swift in Sources */,
				237DABF32261E37F00FE57FB /* SearchController.swift in Sources */,
				230E2DDA2226650700246392 /* Comment.swift in Sources */,
				2352404922632E7F004B11CF /* CategoryUITableCell.swift in Sources */,
				231AF5CC225F2BE50057DD11 /* ShopController.swift in Sources */,
				23614F1122560F7E00B5DD81 /* FavoritesService.swift in Sources */,
				23EAA4452246621100A30E98 /* CommentResponse.swift in Sources */,
				23614F0F2256020E00B5DD81 /* FavoritesResponse.swift in Sources */,
				23695E9422277F7200AD7076 /* ExtensionUIView.swift in Sources */,
				2300BE7C222D3658008E9101 /* ViewCommentCell.swift in Sources */,
				23D5080B224236D4005FB1AC /* ShopResponse.swift in Sources */,
				230E2DEA22266DDE00246392 /* Favorites.swift in Sources */,
				2378E12D2247385700837883 /* DocumentResponse.swift in Sources */,
				23B765422264A27400DC76F7 /* ItemInShopCell.swift in Sources */,
				23A31BB5224088FD00FE2D69 /* ShopItemResponse.swift in Sources */,
				231AE462222E2A030082C06E /* ExtensionUIlabel.swift in Sources */,
				233B390822375463003EB253 /* AuthServices.swift in Sources */,
				237DABF52261E7B200FE57FB /* SearchCell.swift in Sources */,
				23695E9822278F3B00AD7076 /* ViewItemController.swift in Sources */,
				23351DC4222539BF003944E2 /* ExtensionButton.swift in Sources */,
				231C5B6F224DCE5A00161534 /* PhotoItemController.swift in Sources */,
				230E2DE0222667EE00246392 /* Location.swift in Sources */,
				2359CD6A225750A200C5D892 /* NotificationConstant.swift in Sources */,
				235A32B52224EAB400DE5B0E /* ExtensionTextField.swift in Sources */,
				23D02E632223799300882742 /* LoginController.swift in Sources */,
				235A32B72224EB6400DE5B0E /* ExtensionStackView.swift in Sources */,
				236A32B92258945F00AA2410 /* FavoritesCell.swift in Sources */,
				2352404E22634E33004B11CF /* ActionCell.swift in Sources */,
				230E2DE2222668C000246392 /* Item.swift in Sources */,
				23E6FD75224B5479001C72B2 /* ExtentionDouble.swift in Sources */,
				23D02E612223799300882742 /* AppDelegate.swift in Sources */,
				2381B646225B0185004DAA64 /* CategoryServices.swift in Sources */,
				23D5080922423637005FB1AC /* LocationResponse.swift in Sources */,
				23B7653E22642F4300DC76F7 /* NewCommentController.swift in Sources */,
				230E2DDC222666F300246392 /* City.swift in Sources */,
				236A5A83225B455F005C27E8 /* HeaderCollectionCell.swift in Sources */,
				235A32BD2224F51500DE5B0E /* AccountDetailController.swift in Sources */,
				2352404B22632E99004B11CF /* CategoryController.swift in Sources */,
				23EAA4472246638300A30E98 /* UserResponse.swift in Sources */,
				2381B644225AFDE0004DAA64 /* CategoryResponse.swift in Sources */,
				231ABDBA2266DF4D006D6B01 /* MapManager.swift in Sources */,
				230E2DDE2226674200246392 /* Area.swift in Sources */,
				230E2DE822266BFE00246392 /* Shop.swift in Sources */,
				2323D6AD2269B4160005E104 /* MapCell.swift in Sources */,
				2320C6F22251C7C700A2C328 /* DetailPhotoController.swift in Sources */,
				231ABDC42266E1D4006D6B01 /* MapResponseDirections.swift in Sources */,
				2376D98F224CDC4200DDFB19 /* PhotoItemCell.swift in Sources */,
				231ABDBC2266E13B006D6B01 /* MapRouter.swift in Sources */,
				235A49ED2248BEF70034A944 /* CustomImageView.swift in Sources */,
				233B390D22376476003EB253 /* StringLibrary.swift in Sources */,
				230E2DED22267DCA00246392 /* CollectionItemCell.swift in Sources */,
				235A32B22224EA0C00DE5B0E /* HightRatingController.swift in Sources */,
				231ABDB72266DE0C006D6B01 /* LocationServicesProtocol.swift in Sources */,
				231AF5CE225F45850057DD11 /* ShopCell.swift in Sources */,
				236A32BC22589D6100AA2410 /* MBProgressHUD.m in Sources */,
				2381B649225B064F004DAA64 /* CategoryCell.swift in Sources */,
				2300BE78222D34B2008E9101 /* GeneralValueCell.swift in Sources */,
				230E2DE4222669F000246392 /* Document.swift in Sources */,
				231AF5D0225F4EA10057DD11 /* ShopServices.swift in Sources */,
			);
			runOnlyForDeploymentPostprocessing = 0;
		};
/* End PBXSourcesBuildPhase section */

/* Begin PBXVariantGroup section */
		23D02E642223799300882742 /* Main.storyboard */ = {
			isa = PBXVariantGroup;
			children = (
				23D02E652223799300882742 /* Base */,
			);
			name = Main.storyboard;
			sourceTree = "<group>";
		};
		23D02E692223799400882742 /* LaunchScreen.storyboard */ = {
			isa = PBXVariantGroup;
			children = (
				23D02E6A2223799400882742 /* Base */,
			);
			name = LaunchScreen.storyboard;
			sourceTree = "<group>";
		};
/* End PBXVariantGroup section */

/* Begin XCBuildConfiguration section */
		23D02E6D2223799400882742 /* Debug */ = {
			isa = XCBuildConfiguration;
			buildSettings = {
				ALWAYS_SEARCH_USER_PATHS = NO;
				CLANG_ANALYZER_NONNULL = YES;
				CLANG_ANALYZER_NUMBER_OBJECT_CONVERSION = YES_AGGRESSIVE;
				CLANG_CXX_LANGUAGE_STANDARD = "gnu++14";
				CLANG_CXX_LIBRARY = "libc++";
				CLANG_ENABLE_MODULES = YES;
				CLANG_ENABLE_OBJC_ARC = YES;
				CLANG_ENABLE_OBJC_WEAK = YES;
				CLANG_WARN_BLOCK_CAPTURE_AUTORELEASING = YES;
				CLANG_WARN_BOOL_CONVERSION = YES;
				CLANG_WARN_COMMA = YES;
				CLANG_WARN_CONSTANT_CONVERSION = YES;
				CLANG_WARN_DEPRECATED_OBJC_IMPLEMENTATIONS = YES;
				CLANG_WARN_DIRECT_OBJC_ISA_USAGE = YES_ERROR;
				CLANG_WARN_DOCUMENTATION_COMMENTS = YES;
				CLANG_WARN_EMPTY_BODY = YES;
				CLANG_WARN_ENUM_CONVERSION = YES;
				CLANG_WARN_INFINITE_RECURSION = YES;
				CLANG_WARN_INT_CONVERSION = YES;
				CLANG_WARN_NON_LITERAL_NULL_CONVERSION = YES;
				CLANG_WARN_OBJC_IMPLICIT_RETAIN_SELF = YES;
				CLANG_WARN_OBJC_LITERAL_CONVERSION = YES;
				CLANG_WARN_OBJC_ROOT_CLASS = YES_ERROR;
				CLANG_WARN_RANGE_LOOP_ANALYSIS = YES;
				CLANG_WARN_STRICT_PROTOTYPES = YES;
				CLANG_WARN_SUSPICIOUS_MOVE = YES;
				CLANG_WARN_UNGUARDED_AVAILABILITY = YES_AGGRESSIVE;
				CLANG_WARN_UNREACHABLE_CODE = YES;
				CLANG_WARN__DUPLICATE_METHOD_MATCH = YES;
				CODE_SIGN_IDENTITY = "iPhone Developer";
				COPY_PHASE_STRIP = NO;
				DEBUG_INFORMATION_FORMAT = dwarf;
				ENABLE_STRICT_OBJC_MSGSEND = YES;
				ENABLE_TESTABILITY = YES;
				GCC_C_LANGUAGE_STANDARD = gnu11;
				GCC_DYNAMIC_NO_PIC = NO;
				GCC_NO_COMMON_BLOCKS = YES;
				GCC_OPTIMIZATION_LEVEL = 0;
				GCC_PREPROCESSOR_DEFINITIONS = (
					"DEBUG=1",
					"$(inherited)",
				);
				GCC_WARN_64_TO_32_BIT_CONVERSION = YES;
				GCC_WARN_ABOUT_RETURN_TYPE = YES_ERROR;
				GCC_WARN_UNDECLARED_SELECTOR = YES;
				GCC_WARN_UNINITIALIZED_AUTOS = YES_AGGRESSIVE;
				GCC_WARN_UNUSED_FUNCTION = YES;
				GCC_WARN_UNUSED_VARIABLE = YES;
				IPHONEOS_DEPLOYMENT_TARGET = 12.1;
				MTL_ENABLE_DEBUG_INFO = INCLUDE_SOURCE;
				MTL_FAST_MATH = YES;
				ONLY_ACTIVE_ARCH = YES;
				SDKROOT = iphoneos;
				SWIFT_ACTIVE_COMPILATION_CONDITIONS = DEBUG;
				SWIFT_ENABLE_BATCH_MODE = NO;
				SWIFT_OPTIMIZATION_LEVEL = "-Onone";
				SWIFT_VERSION = 4.2;
			};
			name = Debug;
		};
		23D02E6E2223799400882742 /* Release */ = {
			isa = XCBuildConfiguration;
			buildSettings = {
				ALWAYS_SEARCH_USER_PATHS = NO;
				CLANG_ANALYZER_NONNULL = YES;
				CLANG_ANALYZER_NUMBER_OBJECT_CONVERSION = YES_AGGRESSIVE;
				CLANG_CXX_LANGUAGE_STANDARD = "gnu++14";
				CLANG_CXX_LIBRARY = "libc++";
				CLANG_ENABLE_MODULES = YES;
				CLANG_ENABLE_OBJC_ARC = YES;
				CLANG_ENABLE_OBJC_WEAK = YES;
				CLANG_WARN_BLOCK_CAPTURE_AUTORELEASING = YES;
				CLANG_WARN_BOOL_CONVERSION = YES;
				CLANG_WARN_COMMA = YES;
				CLANG_WARN_CONSTANT_CONVERSION = YES;
				CLANG_WARN_DEPRECATED_OBJC_IMPLEMENTATIONS = YES;
				CLANG_WARN_DIRECT_OBJC_ISA_USAGE = YES_ERROR;
				CLANG_WARN_DOCUMENTATION_COMMENTS = YES;
				CLANG_WARN_EMPTY_BODY = YES;
				CLANG_WARN_ENUM_CONVERSION = YES;
				CLANG_WARN_INFINITE_RECURSION = YES;
				CLANG_WARN_INT_CONVERSION = YES;
				CLANG_WARN_NON_LITERAL_NULL_CONVERSION = YES;
				CLANG_WARN_OBJC_IMPLICIT_RETAIN_SELF = YES;
				CLANG_WARN_OBJC_LITERAL_CONVERSION = YES;
				CLANG_WARN_OBJC_ROOT_CLASS = YES_ERROR;
				CLANG_WARN_RANGE_LOOP_ANALYSIS = YES;
				CLANG_WARN_STRICT_PROTOTYPES = YES;
				CLANG_WARN_SUSPICIOUS_MOVE = YES;
				CLANG_WARN_UNGUARDED_AVAILABILITY = YES_AGGRESSIVE;
				CLANG_WARN_UNREACHABLE_CODE = YES;
				CLANG_WARN__DUPLICATE_METHOD_MATCH = YES;
				CODE_SIGN_IDENTITY = "iPhone Developer";
				COPY_PHASE_STRIP = NO;
				DEBUG_INFORMATION_FORMAT = "dwarf-with-dsym";
				ENABLE_NS_ASSERTIONS = NO;
				ENABLE_STRICT_OBJC_MSGSEND = YES;
				GCC_C_LANGUAGE_STANDARD = gnu11;
				GCC_NO_COMMON_BLOCKS = YES;
				GCC_WARN_64_TO_32_BIT_CONVERSION = YES;
				GCC_WARN_ABOUT_RETURN_TYPE = YES_ERROR;
				GCC_WARN_UNDECLARED_SELECTOR = YES;
				GCC_WARN_UNINITIALIZED_AUTOS = YES_AGGRESSIVE;
				GCC_WARN_UNUSED_FUNCTION = YES;
				GCC_WARN_UNUSED_VARIABLE = YES;
				IPHONEOS_DEPLOYMENT_TARGET = 12.1;
				MTL_ENABLE_DEBUG_INFO = NO;
				MTL_FAST_MATH = YES;
				SDKROOT = iphoneos;
				SWIFT_COMPILATION_MODE = wholemodule;
				SWIFT_ENABLE_BATCH_MODE = NO;
				SWIFT_OPTIMIZATION_LEVEL = "-O";
				SWIFT_VERSION = 4.2;
				VALIDATE_PRODUCT = YES;
			};
			name = Release;
		};
		23D02E702223799400882742 /* Debug */ = {
			isa = XCBuildConfiguration;
			baseConfigurationReference = 2517CE55DA2DAF805F435575 /* Pods-notritionVendorsAPP.debug.xcconfig */;
			buildSettings = {
				ASSETCATALOG_COMPILER_APPICON_NAME = AppIcon;
				CLANG_ENABLE_MODULES = YES;
				CODE_SIGN_STYLE = Automatic;
				INFOPLIST_FILE = notritionVendorsAPP/Info.plist;
				LD_RUNPATH_SEARCH_PATHS = (
					"$(inherited)",
					"@executable_path/Frameworks",
				);
				PRODUCT_BUNDLE_IDENTIFIER = Enclave.notritionVendorsAPP;
				PRODUCT_NAME = "$(TARGET_NAME)";
				SWIFT_OBJC_BRIDGING_HEADER = "notritionVendorsAPP/notritionVendorsAPP-Bridging-Header.h";
				SWIFT_OPTIMIZATION_LEVEL = "-Onone";
				SWIFT_REFLECTION_METADATA_LEVEL = none;
				SWIFT_VERSION = 4.2;
				TARGETED_DEVICE_FAMILY = 1;
			};
			name = Debug;
		};
		23D02E712223799400882742 /* Release */ = {
			isa = XCBuildConfiguration;
			baseConfigurationReference = A8D3C78C5C198D1296EA2D52 /* Pods-notritionVendorsAPP.release.xcconfig */;
			buildSettings = {
				ASSETCATALOG_COMPILER_APPICON_NAME = AppIcon;
				CLANG_ENABLE_MODULES = YES;
				CODE_SIGN_STYLE = Automatic;
				INFOPLIST_FILE = notritionVendorsAPP/Info.plist;
				LD_RUNPATH_SEARCH_PATHS = (
					"$(inherited)",
					"@executable_path/Frameworks",
				);
				PRODUCT_BUNDLE_IDENTIFIER = Enclave.notritionVendorsAPP;
				PRODUCT_NAME = "$(TARGET_NAME)";
				SWIFT_OBJC_BRIDGING_HEADER = "notritionVendorsAPP/notritionVendorsAPP-Bridging-Header.h";
				SWIFT_REFLECTION_METADATA_LEVEL = none;
				SWIFT_VERSION = 4.2;
				TARGETED_DEVICE_FAMILY = 1;
			};
			name = Release;
		};
/* End XCBuildConfiguration section */

/* Begin XCConfigurationList section */
		23D02E582223799300882742 /* Build configuration list for PBXProject "notritionVendorsAPP" */ = {
			isa = XCConfigurationList;
			buildConfigurations = (
				23D02E6D2223799400882742 /* Debug */,
				23D02E6E2223799400882742 /* Release */,
			);
			defaultConfigurationIsVisible = 0;
			defaultConfigurationName = Release;
		};
		23D02E6F2223799400882742 /* Build configuration list for PBXNativeTarget "notritionVendorsAPP" */ = {
			isa = XCConfigurationList;
			buildConfigurations = (
				23D02E702223799400882742 /* Debug */,
				23D02E712223799400882742 /* Release */,
			);
			defaultConfigurationIsVisible = 0;
			defaultConfigurationName = Release;
		};
/* End XCConfigurationList section */
	};
	rootObject = 23D02E552223799300882742 /* Project object */;
}
